// !$*UTF8*$!
{
	archiveVersion = 1;
	classes = {
	};
	objectVersion = 46;
	objects = {
		EAA1CCF110C2174DD056DCA0 = {
			isa = PBXBuildFile;
			fileRef = 0ED89EF981EDA64FEF5BD589;
		};
		07717254B1C6357CA77BE0AC = {
			isa = PBXBuildFile;
			fileRef = 71D38D75704F1CA7B066CC8E;
		};
		2C50E02E6D575DAFB6428E05 = {
			isa = PBXBuildFile;
			fileRef = 13F1CAF54B2838506355B2D7;
		};
		067122771F824B4BA076D428 = {
			isa = PBXBuildFile;
			fileRef = 02BAAE25174E40DAC76AF2E6;
		};
		2506D201A2AC935474F5CA2B = {
			isa = PBXBuildFile;
			fileRef = A0BC6D98C31DB0424ED4B12B;
		};
		F9144F9BF2BCE63F70B98D11 = {
			isa = PBXBuildFile;
			fileRef = 0B2BB8878BA5E6611B5D8017;
		};
		77E66431698AFD0F9E281517 = {
			isa = PBXBuildFile;
			fileRef = E3E71C10B6923C9E49F796C0;
		};
		F05E3DEA6F66DFDB54D172E4 = {
			isa = PBXBuildFile;
			fileRef = BC5BE7F23A0B67496EFA2930;
		};
		E171FE1238F051698CDF1EA5 = {
			isa = PBXBuildFile;
			fileRef = BC60C0454CD4E583C217EF07;
		};
		A069EC74DD132D1BA7A12422 = {
			isa = PBXBuildFile;
			fileRef = E49030AB705CE192EC0CE5EF;
		};
		430E00A5E37B54ACAFB1F27D = {
			isa = PBXBuildFile;
			fileRef = 72E5FE048522E59F4E532C3F;
		};
		EF5976373864E61DAACDAF5F = {
			isa = PBXBuildFile;
			fileRef = 0B6D2924AECA05502C4DA20B;
		};
		DEE02827E4459DA6CBB6F2E5 = {
			isa = PBXBuildFile;
			fileRef = 9786080E6B1FDAC1BA2C4B55;
		};
		4497FAFB11A01F53C1AE75B9 = {
			isa = PBXBuildFile;
			fileRef = 2D1454EA4322EA4B05DAD5AF;
		};
		D3C238D325AD300E0588E4B2 = {
			isa = PBXBuildFile;
			fileRef = 14FEE13BDA6DA222F5FA2C9B;
		};
		0427BC0262FDA6EA43417C23 = {
			isa = PBXBuildFile;
			fileRef = 60F9062B9D34844B7CCED48A;
		};
		B805616B34E4A9B12FDE3D99 = {
			isa = PBXBuildFile;
			fileRef = 8B7EEBC4504DAAC7879FB7A1;
		};
		A7B7563460F45411538C3297 = {
			isa = PBXBuildFile;
			fileRef = D0F7CCD2F40F8CB108D8E211;
		};
		259C619F4E186F0F917340BB = {
			isa = PBXBuildFile;
			fileRef = 98929DCC727D9945259933DF;
		};
		ADC6B68AAD296F34F079171B = {
			isa = PBXBuildFile;
			fileRef = 180BA5DF68A58E291DA38862;
		};
		77AB39AAEF6CA5702EBEFCEF = {
			isa = PBXBuildFile;
			fileRef = B1A7387ABC96FAB12EB5F86D;
		};
		669F0679F1E9A14E0A6F4131 = {
			isa = PBXBuildFile;
			fileRef = 91E04B9D6C925D014AC5B303;
		};
		B414CF1DE129FAACB2DF1120 = {
			isa = PBXBuildFile;
			fileRef = 52ED3E3BDE0E314EEACC0A52;
		};
		DCB117087F2FE3ABC1DA8BB0 = {
			isa = PBXBuildFile;
			fileRef = 7851BD613043FBE49DEFD103;
		};
		FE577844D3B7387CCB66662E = {
			isa = PBXBuildFile;
			fileRef = F636FE4EF2AED9E866C2A5E1;
		};
		C91C6BF7F84CB729CECCBDDA = {
			isa = PBXBuildFile;
			fileRef = 204F685E4C13B3FFD001B12A;
		};
		7B30C329744490B280CBD557 = {
			isa = PBXBuildFile;
			fileRef = 622E318B0A19B00F05F2C423;
		};
		D239C5A1F2FB7BB9CEF4B5F1 = {
			isa = PBXBuildFile;
			fileRef = E28E4B09CA1AB11D5622A927;
		};
		D894EFFE08E2407709601ADB = {
			isa = PBXBuildFile;
			fileRef = 74C10EBCC016FE6705DAEDA8;
		};
		F7044332B25E7C744E58CD63 = {
			isa = PBXBuildFile;
			fileRef = 24F406C182C23AEDC465EB36;
		};
		FE7064FC7D5B81A51EE3B722 = {
			isa = PBXBuildFile;
			fileRef = 50A74B2B9ADBFFA01C8B28A3;
		};
		0817B7AEC05F887D306F11BF = {
			isa = PBXBuildFile;
			fileRef = F5FE8BCE34D72094D84E3B47;
		};
		9B8F06E2088670B4841D7B1F = {
			isa = PBXBuildFile;
			fileRef = 6FCA3EF1BB9FE9B42477A1F6;
		};
		854BB7081BBCCA1C84E6EFF7 = {
			isa = PBXBuildFile;
			fileRef = 8E98ADA5929B889A03851E1A;
		};
		19DB6FE43833003F6538A189 = {
			isa = PBXBuildFile;
			fileRef = 2E1D40A260C47F394B4784CD;
		};
		C85A1853B88C99BD4A641490 = {
			isa = PBXBuildFile;
			fileRef = B6FA03B65F04397AC3CC5BBF;
		};
		2936E19CAFE3301F5C9BF291 = {
			isa = PBXBuildFile;
			fileRef = E0B04FB7A8BC6F1BA0815FCC;
		};
		3FEAD9FF3223193055D6B4DA = {
			isa = PBXBuildFile;
			fileRef = 20D8EE34333610D202D2125F;
		};
		D8458F14E8D8D9D823FE34EB = {
			isa = PBXBuildFile;
			fileRef = A24D6880608456E72B7EE0D0;
		};
		8E6B54649F3F775A592721B4 = {
			isa = PBXBuildFile;
			fileRef = 2F35FAD50801C9EF153E9142;
		};
		CB3EAFE5B09BE0E440505BB1 = {
			isa = PBXBuildFile;
			fileRef = 930F5707335A5261F39A123B;
		};
		5B7BC8BBD38BD8D4F59FE6B2 = {
			isa = PBXBuildFile;
			fileRef = 7613A43FB5B1265D33FDED05;
		};
		BA7C2F8638DEE606513D5B82 = {
			isa = PBXBuildFile;
			fileRef = 65939B24351ABDF5B3CE233F;
		};
		47455BF50EB8F8F0E4E433C8 = {
			isa = PBXBuildFile;
			fileRef = B16C373A9B2B8B69774BE7CF;
		};
		4765253AFDC3EEB6EF54DA6F = {
			isa = PBXBuildFile;
			fileRef = 3CA87C19AB84165BF1EFF92E;
		};
		00CF8AF0EC8A174C77968A6D = {
			isa = PBXFileReference;
			lastKnownFileType = text.plist.xml;
			name = "Info-VST3.plist";
			path = "Info-VST3.plist";
			sourceTree = "SOURCE_ROOT";
		};
		0B2BB8878BA5E6611B5D8017 = {
			isa = PBXFileReference;
			lastKnownFileType = wrapper.framework;
			name = Accelerate.framework;
			path = System/Library/Frameworks/Accelerate.framework;
			sourceTree = SDKROOT;
		};
		0B6D2924AECA05502C4DA20B = {
			isa = PBXFileReference;
			lastKnownFileType = wrapper.framework;
			name = CoreAudio.framework;
			path = System/Library/Frameworks/CoreAudio.framework;
			sourceTree = SDKROOT;
		};
		0ED89EF981EDA64FEF5BD589 = {
			isa = PBXFileReference;
			explicitFileType = wrapper.cfbundle;
			includeInIndex = 0;
			path = NewProject.vst3;
			sourceTree = "BUILT_PRODUCTS_DIR";
		};
		14FEE13BDA6DA222F5FA2C9B = {
			isa = PBXFileReference;
			lastKnownFileType = wrapper.framework;
			name = CoreMIDI.framework;
			path = System/Library/Frameworks/CoreMIDI.framework;
			sourceTree = SDKROOT;
		};
		180BA5DF68A58E291DA38862 = {
			isa = PBXFileReference;
			lastKnownFileType = wrapper.framework;
			name = WebKit.framework;
			path = System/Library/Frameworks/WebKit.framework;
			sourceTree = SDKROOT;
		};
		1FADF9661187D44278B7C865 = {
			isa = PBXFileReference;
			lastKnownFileType = file;
			name = "juce_events";
			path = "/Users/markmatamoros/Documents/JUCE/modules/juce_events";
			sourceTree = "<absolute>";
		};
		204F685E4C13B3FFD001B12A = {
			isa = PBXFileReference;
			lastKnownFileType = sourcecode.cpp.objcpp;
			name = "include_juce_audio_formats.mm";
			path = "../../JuceLibraryCode/include_juce_audio_formats.mm";
			sourceTree = "SOURCE_ROOT";
		};
		20D8EE34333610D202D2125F = {
			isa = PBXFileReference;
			lastKnownFileType = sourcecode.cpp.objcpp;
			name = "include_juce_data_structures.mm";
			path = "../../JuceLibraryCode/include_juce_data_structures.mm";
			sourceTree = "SOURCE_ROOT";
		};
		24749D0C674846B08EA42D56 = {
			isa = PBXFileReference;
			lastKnownFileType = file;
			name = "juce_opengl";
			path = "/Users/markmatamoros/Documents/JUCE/modules/juce_opengl";
			sourceTree = "<absolute>";
		};
		24F406C182C23AEDC465EB36 = {
			isa = PBXFileReference;
			lastKnownFileType = sourcecode.cpp.cpp;
			name = "include_juce_audio_plugin_client_Standalone.cpp";
			path = "../../JuceLibraryCode/include_juce_audio_plugin_client_Standalone.cpp";
			sourceTree = "SOURCE_ROOT";
		};
		2B98AB00779660B943D1DE20 = {
			isa = PBXFileReference;
			lastKnownFileType = file;
			name = "juce_audio_devices";
			path = "/Users/markmatamoros/Documents/JUCE/modules/juce_audio_devices";
			sourceTree = "<absolute>";
		};
		2D1454EA4322EA4B05DAD5AF = {
			isa = PBXFileReference;
			lastKnownFileType = wrapper.framework;
			name = CoreMedia.framework;
			path = System/Library/Frameworks/CoreMedia.framework;
			sourceTree = SDKROOT;
		};
		2E1D40A260C47F394B4784CD = {
			isa = PBXFileReference;
			lastKnownFileType = sourcecode.cpp.objcpp;
			name = "include_juce_audio_utils.mm";
			path = "../../JuceLibraryCode/include_juce_audio_utils.mm";
			sourceTree = "SOURCE_ROOT";
		};
		2F35FAD50801C9EF153E9142 = {
			isa = PBXFileReference;
			lastKnownFileType = sourcecode.cpp.objcpp;
			name = "include_juce_events.mm";
			path = "../../JuceLibraryCode/include_juce_events.mm";
			sourceTree = "SOURCE_ROOT";
		};
		3CA87C19AB84165BF1EFF92E = {
			isa = PBXFileReference;
			lastKnownFileType = sourcecode.cpp.objcpp;
			name = "include_juce_video.mm";
			path = "../../JuceLibraryCode/include_juce_video.mm";
			sourceTree = "SOURCE_ROOT";
		};
		4CC9F03A75E08BD756EF2544 = {
			isa = PBXFileReference;
			lastKnownFileType = file;
			name = "juce_graphics";
			path = "/Users/markmatamoros/Documents/JUCE/modules/juce_graphics";
			sourceTree = "<absolute>";
		};
		58721B854B916456AF33607D = {
			isa = PBXFileReference;
			lastKnownFileType = file;
			name = "juce_gui_basics";
			path = "/Users/markmatamoros/Documents/JUCE/modules/juce_gui_basics";
			sourceTree = "<absolute>";
		};
		5B02D91A5BC1667EB2AC639B = {
			isa = PBXFileReference;
			lastKnownFileType = file;
			name = "juce_audio_basics";
			path = "/Users/markmatamoros/Documents/JUCE/modules/juce_audio_basics";
			sourceTree = "<absolute>";
		};
		6030993CB6A38E48F46C8680 = {
			isa = PBXFileReference;
			lastKnownFileType = file;
			name = "juce_data_structures";
			path = "/Users/markmatamoros/Documents/JUCE/modules/juce_data_structures";
			sourceTree = "<absolute>";
		};
		71D38D75704F1CA7B066CC8E = {
			isa = PBXFileReference;
			explicitFileType = wrapper.cfbundle;
			includeInIndex = 0;
			path = NewProject.component;
			sourceTree = "BUILT_PRODUCTS_DIR";
		};
		13F1CAF54B2838506355B2D7 = {
			isa = PBXFileReference;
			explicitFileType = wrapper.application;
			includeInIndex = 0;
			path = NewProject.app;
			sourceTree = "BUILT_PRODUCTS_DIR";
		};
		02BAAE25174E40DAC76AF2E6 = {
			isa = PBXFileReference;
			explicitFileType = archive.ar;
			includeInIndex = 0;
			path = libNewProject.a;
			sourceTree = "BUILT_PRODUCTS_DIR";
		};
		3C6E5908BF256F32FCB1B973 = {
			isa = PBXFileReference;
			lastKnownFileType = sourcecode.c.h;
			name = PluginProcessor.h;
			path = ../../Source/PluginProcessor.h;
			sourceTree = "SOURCE_ROOT";
		};
		50A74B2B9ADBFFA01C8B28A3 = {
			isa = PBXFileReference;
			lastKnownFileType = sourcecode.cpp.cpp;
			name = "include_juce_audio_plugin_client_utils.cpp";
			path = "../../JuceLibraryCode/include_juce_audio_plugin_client_utils.cpp";
			sourceTree = "SOURCE_ROOT";
		};
		52ED3E3BDE0E314EEACC0A52 = {
			isa = PBXFileReference;
			lastKnownFileType = sourcecode.cpp.cpp;
			name = PluginEditor.cpp;
			path = ../../Source/PluginEditor.cpp;
			sourceTree = "SOURCE_ROOT";
		};
		59BE31089E5B4B6B2BE405BB = {
			isa = PBXFileReference;
			lastKnownFileType = text.plist.xml;
			name = "Info-Standalone_Plugin.plist";
			path = "Info-Standalone_Plugin.plist";
			sourceTree = "SOURCE_ROOT";
		};
		60F9062B9D34844B7CCED48A = {
			isa = PBXFileReference;
			lastKnownFileType = wrapper.framework;
			name = DiscRecording.framework;
			path = System/Library/Frameworks/DiscRecording.framework;
			sourceTree = SDKROOT;
		};
		622E318B0A19B00F05F2C423 = {
			isa = PBXFileReference;
			lastKnownFileType = file.r;
			name = "include_juce_audio_plugin_client_AU.r";
			path = "../../JuceLibraryCode/include_juce_audio_plugin_client_AU.r";
			sourceTree = "SOURCE_ROOT";
		};
		65939B24351ABDF5B3CE233F = {
			isa = PBXFileReference;
			lastKnownFileType = sourcecode.cpp.objcpp;
			name = "include_juce_gui_extra.mm";
			path = "../../JuceLibraryCode/include_juce_gui_extra.mm";
			sourceTree = "SOURCE_ROOT";
		};
		6FCA3EF1BB9FE9B42477A1F6 = {
			isa = PBXFileReference;
			lastKnownFileType = sourcecode.cpp.cpp;
			name = "include_juce_audio_plugin_client_VST3.cpp";
			path = "../../JuceLibraryCode/include_juce_audio_plugin_client_VST3.cpp";
			sourceTree = "SOURCE_ROOT";
		};
		6FE20FC01EB59DCDA566B8C5 = {
			isa = PBXFileReference;
			lastKnownFileType = file;
			name = "juce_core";
			path = "/Users/markmatamoros/Documents/JUCE/modules/juce_core";
			sourceTree = "<absolute>";
		};
		700D01323EFDB577470650ED = {
			isa = PBXFileReference;
			lastKnownFileType = file;
			name = "juce_audio_formats";
			path = "/Users/markmatamoros/Documents/JUCE/modules/juce_audio_formats";
			sourceTree = "<absolute>";
		};
		72E5FE048522E59F4E532C3F = {
			isa = PBXFileReference;
			lastKnownFileType = wrapper.framework;
			name = Cocoa.framework;
			path = System/Library/Frameworks/Cocoa.framework;
			sourceTree = SDKROOT;
		};
		74C10EBCC016FE6705DAEDA8 = {
			isa = PBXFileReference;
			lastKnownFileType = sourcecode.cpp.objcpp;
			name = "include_juce_audio_plugin_client_AU_2.mm";
			path = "../../JuceLibraryCode/include_juce_audio_plugin_client_AU_2.mm";
			sourceTree = "SOURCE_ROOT";
		};
		7613A43FB5B1265D33FDED05 = {
			isa = PBXFileReference;
			lastKnownFileType = sourcecode.cpp.objcpp;
			name = "include_juce_gui_basics.mm";
			path = "../../JuceLibraryCode/include_juce_gui_basics.mm";
			sourceTree = "SOURCE_ROOT";
		};
		7750F6FE089851A0E31E3E7A = {
			isa = PBXFileReference;
			lastKnownFileType = file;
			name = "juce_audio_processors";
			path = "/Users/markmatamoros/Documents/JUCE/modules/juce_audio_processors";
			sourceTree = "<absolute>";
		};
		7851BD613043FBE49DEFD103 = {
			isa = PBXFileReference;
			lastKnownFileType = sourcecode.cpp.objcpp;
			name = "include_juce_audio_basics.mm";
			path = "../../JuceLibraryCode/include_juce_audio_basics.mm";
			sourceTree = "SOURCE_ROOT";
		};
		8AA2A7A87FAC5B732EC6BDEC = {
			isa = PBXFileReference;
			lastKnownFileType = file;
			name = "juce_dsp";
			path = "/Users/markmatamoros/Documents/JUCE/modules/juce_dsp";
			sourceTree = "<absolute>";
		};
		8B7EEBC4504DAAC7879FB7A1 = {
			isa = PBXFileReference;
			lastKnownFileType = wrapper.framework;
			name = IOKit.framework;
			path = System/Library/Frameworks/IOKit.framework;
			sourceTree = SDKROOT;
		};
		8E98ADA5929B889A03851E1A = {
			isa = PBXFileReference;
			lastKnownFileType = sourcecode.cpp.objcpp;
			name = "include_juce_audio_processors.mm";
			path = "../../JuceLibraryCode/include_juce_audio_processors.mm";
			sourceTree = "SOURCE_ROOT";
		};
		91E04B9D6C925D014AC5B303 = {
			isa = PBXFileReference;
			lastKnownFileType = sourcecode.cpp.cpp;
			name = PluginProcessor.cpp;
			path = ../../Source/PluginProcessor.cpp;
			sourceTree = "SOURCE_ROOT";
		};
		930F5707335A5261F39A123B = {
			isa = PBXFileReference;
			lastKnownFileType = sourcecode.cpp.objcpp;
			name = "include_juce_graphics.mm";
			path = "../../JuceLibraryCode/include_juce_graphics.mm";
			sourceTree = "SOURCE_ROOT";
		};
		9786080E6B1FDAC1BA2C4B55 = {
			isa = PBXFileReference;
			lastKnownFileType = wrapper.framework;
			name = CoreAudioKit.framework;
			path = System/Library/Frameworks/CoreAudioKit.framework;
			sourceTree = SDKROOT;
		};
		98929DCC727D9945259933DF = {
			isa = PBXFileReference;
			lastKnownFileType = wrapper.framework;
			name = QuartzCore.framework;
			path = System/Library/Frameworks/QuartzCore.framework;
			sourceTree = SDKROOT;
		};
		A0BC6D98C31DB0424ED4B12B = {
			isa = PBXFileReference;
			lastKnownFileType = wrapper.framework;
			name = AudioUnit.framework;
			path = System/Library/Frameworks/AudioUnit.framework;
			sourceTree = SDKROOT;
		};
		A24D6880608456E72B7EE0D0 = {
			isa = PBXFileReference;
			lastKnownFileType = sourcecode.cpp.objcpp;
			name = "include_juce_dsp.mm";
			path = "../../JuceLibraryCode/include_juce_dsp.mm";
			sourceTree = "SOURCE_ROOT";
		};
		A6DF40533CB54E167FAD2E76 = {
			isa = PBXFileReference;
			lastKnownFileType = file;
			name = "juce_audio_plugin_client";
			path = "/Users/markmatamoros/Documents/JUCE/modules/juce_audio_plugin_client";
			sourceTree = "<absolute>";
		};
		A904EE68E6D475FA8FF6CDE2 = {
			isa = PBXFileReference;
			lastKnownFileType = file;
			name = "juce_video";
			path = "/Users/markmatamoros/Documents/JUCE/modules/juce_video";
			sourceTree = "<absolute>";
		};
		B13908AD50C0E4AA28985B57 = {
			isa = PBXFileReference;
			lastKnownFileType = sourcecode.c.h;
			name = JucePluginDefines.h;
			path = ../../JuceLibraryCode/JucePluginDefines.h;
			sourceTree = "SOURCE_ROOT";
		};
		B16C373A9B2B8B69774BE7CF = {
			isa = PBXFileReference;
			lastKnownFileType = sourcecode.cpp.objcpp;
			name = "include_juce_opengl.mm";
			path = "../../JuceLibraryCode/include_juce_opengl.mm";
			sourceTree = "SOURCE_ROOT";
		};
		B1A7387ABC96FAB12EB5F86D = {
			isa = PBXFileReference;
			lastKnownFileType = file.nib;
			name = RecentFilesMenuTemplate.nib;
			path = RecentFilesMenuTemplate.nib;
			sourceTree = "SOURCE_ROOT";
		};
		B6FA03B65F04397AC3CC5BBF = {
			isa = PBXFileReference;
			lastKnownFileType = sourcecode.cpp.cpp;
			name = "include_juce_box2d.cpp";
			path = "../../JuceLibraryCode/include_juce_box2d.cpp";
			sourceTree = "SOURCE_ROOT";
		};
		BC5BE7F23A0B67496EFA2930 = {
			isa = PBXFileReference;
			lastKnownFileType = wrapper.framework;
			name = AVFoundation.framework;
			path = System/Library/Frameworks/AVFoundation.framework;
			sourceTree = SDKROOT;
		};
		BC60C0454CD4E583C217EF07 = {
			isa = PBXFileReference;
			lastKnownFileType = wrapper.framework;
			name = AVKit.framework;
			path = System/Library/Frameworks/AVKit.framework;
			sourceTree = SDKROOT;
		};
		C1FD7A2A62668E3D674A578A = {
			isa = PBXFileReference;
			lastKnownFileType = sourcecode.c.h;
			name = PluginEditor.h;
			path = ../../Source/PluginEditor.h;
			sourceTree = "SOURCE_ROOT";
		};
		C63BF4E51AD883A311247BEA = {
			isa = PBXFileReference;
			lastKnownFileType = file;
			name = "juce_audio_utils";
			path = "/Users/markmatamoros/Documents/JUCE/modules/juce_audio_utils";
			sourceTree = "<absolute>";
		};
		CDCB5D32094C428D2839B74D = {
			isa = PBXFileReference;
			lastKnownFileType = file;
			name = "juce_box2d";
			path = "/Users/markmatamoros/Documents/JUCE/modules/juce_box2d";
			sourceTree = "<absolute>";
		};
		D0F7CCD2F40F8CB108D8E211 = {
			isa = PBXFileReference;
			lastKnownFileType = wrapper.framework;
			name = OpenGL.framework;
			path = System/Library/Frameworks/OpenGL.framework;
			sourceTree = SDKROOT;
		};
		D3ECE67C104B722E20E9E300 = {
			isa = PBXFileReference;
			lastKnownFileType = file;
			name = "juce_gui_extra";
			path = "/Users/markmatamoros/Documents/JUCE/modules/juce_gui_extra";
			sourceTree = "<absolute>";
		};
		E0B04FB7A8BC6F1BA0815FCC = {
			isa = PBXFileReference;
			lastKnownFileType = sourcecode.cpp.objcpp;
			name = "include_juce_core.mm";
			path = "../../JuceLibraryCode/include_juce_core.mm";
			sourceTree = "SOURCE_ROOT";
		};
		E28E4B09CA1AB11D5622A927 = {
			isa = PBXFileReference;
			lastKnownFileType = sourcecode.cpp.objcpp;
			name = "include_juce_audio_plugin_client_AU_1.mm";
			path = "../../JuceLibraryCode/include_juce_audio_plugin_client_AU_1.mm";
			sourceTree = "SOURCE_ROOT";
		};
		E3E71C10B6923C9E49F796C0 = {
			isa = PBXFileReference;
			lastKnownFileType = wrapper.framework;
			name = AudioToolbox.framework;
			path = System/Library/Frameworks/AudioToolbox.framework;
			sourceTree = SDKROOT;
		};
		E49030AB705CE192EC0CE5EF = {
			isa = PBXFileReference;
			lastKnownFileType = wrapper.framework;
			name = Carbon.framework;
			path = System/Library/Frameworks/Carbon.framework;
			sourceTree = SDKROOT;
		};
		E748A612ACF6D19BA391ADBF = {
			isa = PBXFileReference;
			lastKnownFileType = sourcecode.c.h;
			name = JuceHeader.h;
			path = ../../JuceLibraryCode/JuceHeader.h;
			sourceTree = "SOURCE_ROOT";
		};
		F5FE8BCE34D72094D84E3B47 = {
			isa = PBXFileReference;
			lastKnownFileType = sourcecode.cpp.objcpp;
			name = "include_juce_audio_plugin_client_VST_utils.mm";
			path = "../../JuceLibraryCode/include_juce_audio_plugin_client_VST_utils.mm";
			sourceTree = "SOURCE_ROOT";
		};
		F636FE4EF2AED9E866C2A5E1 = {
			isa = PBXFileReference;
			lastKnownFileType = sourcecode.cpp.objcpp;
			name = "include_juce_audio_devices.mm";
			path = "../../JuceLibraryCode/include_juce_audio_devices.mm";
			sourceTree = "SOURCE_ROOT";
		};
		F671C40907A8E06C79EC07C0 = {
			isa = PBXFileReference;
			lastKnownFileType = text.plist.xml;
			name = "Info-AU.plist";
			path = "Info-AU.plist";
			sourceTree = "SOURCE_ROOT";
		};
		BD6975BAE640B024A9866550 = {
			isa = PBXGroup;
			children = (
				91E04B9D6C925D014AC5B303,
				3C6E5908BF256F32FCB1B973,
				52ED3E3BDE0E314EEACC0A52,
				C1FD7A2A62668E3D674A578A,
			);
			name = Source;
			sourceTree = "<group>";
		};
		3306D3B01CF7A1BFA5F2E89E = {
			isa = PBXGroup;
			children = (
				BD6975BAE640B024A9866550,
			);
			name = FFTanalyzer;
			sourceTree = "<group>";
		};
		D67AEE10AA41DA6BBCB810BA = {
			isa = PBXGroup;
			children = (
				5B02D91A5BC1667EB2AC639B,
				2B98AB00779660B943D1DE20,
				700D01323EFDB577470650ED,
				A6DF40533CB54E167FAD2E76,
				7750F6FE089851A0E31E3E7A,
				C63BF4E51AD883A311247BEA,
				CDCB5D32094C428D2839B74D,
				6FE20FC01EB59DCDA566B8C5,
				6030993CB6A38E48F46C8680,
				8AA2A7A87FAC5B732EC6BDEC,
				1FADF9661187D44278B7C865,
				4CC9F03A75E08BD756EF2544,
				58721B854B916456AF33607D,
				D3ECE67C104B722E20E9E300,
				24749D0C674846B08EA42D56,
				A904EE68E6D475FA8FF6CDE2,
			);
			name = "JUCE Modules";
			sourceTree = "<group>";
		};
		771D204662EC22273B999219 = {
			isa = PBXGroup;
			children = (
				7851BD613043FBE49DEFD103,
				F636FE4EF2AED9E866C2A5E1,
				204F685E4C13B3FFD001B12A,
				622E318B0A19B00F05F2C423,
				E28E4B09CA1AB11D5622A927,
				74C10EBCC016FE6705DAEDA8,
				24F406C182C23AEDC465EB36,
				50A74B2B9ADBFFA01C8B28A3,
				F5FE8BCE34D72094D84E3B47,
				6FCA3EF1BB9FE9B42477A1F6,
				8E98ADA5929B889A03851E1A,
				2E1D40A260C47F394B4784CD,
				B6FA03B65F04397AC3CC5BBF,
				E0B04FB7A8BC6F1BA0815FCC,
				20D8EE34333610D202D2125F,
				A24D6880608456E72B7EE0D0,
				2F35FAD50801C9EF153E9142,
				930F5707335A5261F39A123B,
				7613A43FB5B1265D33FDED05,
				65939B24351ABDF5B3CE233F,
				B16C373A9B2B8B69774BE7CF,
				3CA87C19AB84165BF1EFF92E,
				E748A612ACF6D19BA391ADBF,
				B13908AD50C0E4AA28985B57,
			);
			name = "JUCE Library Code";
			sourceTree = "<group>";
		};
		FE484338C0B0BA3F73594677 = {
			isa = PBXGroup;
			children = (
				00CF8AF0EC8A174C77968A6D,
				F671C40907A8E06C79EC07C0,
				59BE31089E5B4B6B2BE405BB,
				B1A7387ABC96FAB12EB5F86D,
			);
			name = Resources;
			sourceTree = "<group>";
		};
		CEC1E554DE3FE5676825D437 = {
			isa = PBXGroup;
			children = (
				A0BC6D98C31DB0424ED4B12B,
				0B2BB8878BA5E6611B5D8017,
				E3E71C10B6923C9E49F796C0,
				BC5BE7F23A0B67496EFA2930,
				BC60C0454CD4E583C217EF07,
				E49030AB705CE192EC0CE5EF,
				72E5FE048522E59F4E532C3F,
				0B6D2924AECA05502C4DA20B,
				9786080E6B1FDAC1BA2C4B55,
				2D1454EA4322EA4B05DAD5AF,
				14FEE13BDA6DA222F5FA2C9B,
				60F9062B9D34844B7CCED48A,
				8B7EEBC4504DAAC7879FB7A1,
				D0F7CCD2F40F8CB108D8E211,
				98929DCC727D9945259933DF,
				180BA5DF68A58E291DA38862,
			);
			name = Frameworks;
			sourceTree = "<group>";
		};
		B43F59978FA14D3CC059810C = {
			isa = PBXGroup;
			children = (
				0ED89EF981EDA64FEF5BD589,
				71D38D75704F1CA7B066CC8E,
				13F1CAF54B2838506355B2D7,
				02BAAE25174E40DAC76AF2E6,
			);
			name = Products;
			sourceTree = "<group>";
		};
		4DA440D29F1F5A640B24DA87 = {
			isa = PBXGroup;
			children = (
				3306D3B01CF7A1BFA5F2E89E,
				D67AEE10AA41DA6BBCB810BA,
				771D204662EC22273B999219,
				FE484338C0B0BA3F73594677,
				CEC1E554DE3FE5676825D437,
				B43F59978FA14D3CC059810C,
			);
			name = Source;
			sourceTree = "<group>";
		};
		6B998354F4080B98DD627545 = {
			isa = PBXTargetDependency;
			target = 694CD1FD14F0193C08584B7D;
		};
		734919E62BD037887F2256B6 = {
			isa = PBXTargetDependency;
			target = C7E83C84074DC614B028D163;
		};
		A695855535BF04376C5536CF = {
			isa = PBXTargetDependency;
			target = B7B1CB3594D7D452DE90F0C4;
		};
		7176B869AF1BF9BFEF9A68D8 = {
			isa = PBXTargetDependency;
			target = 5DDBE73E84EF51BD19A7A2D4;
		};
		46EA2CEC8474BDBF762156C5 = {
			isa = PBXTargetDependency;
			target = 5DDBE73E84EF51BD19A7A2D4;
		};
		467F03B16DF8A9C29932EA9A = {
			isa = PBXTargetDependency;
			target = 5DDBE73E84EF51BD19A7A2D4;
		};
		276A92D682FD8A0F98138E8A = {
			isa = PBXTargetDependency;
			target = 5DDBE73E84EF51BD19A7A2D4;
		};
		82D8DAD66BBA01C6B2ED9C3F = {
			isa = XCBuildConfiguration;
			buildSettings = {
				MACOSX_DEPLOYMENT_TARGET = 10.11;
				SDKROOT = macosx;
			};
			name = Debug;
		};
		D3A440917206ACE13C461AD0 = {
			isa = XCBuildConfiguration;
			buildSettings = {
				MACOSX_DEPLOYMENT_TARGET = 10.11;
				SDKROOT = macosx;
			};
			name = Release;
		};
		399CB27B24A6B506255E8D93 = {
			isa = XCBuildConfiguration;
			buildSettings = {
				CLANG_CXX_LANGUAGE_STANDARD = "c++14";
				CLANG_CXX_LIBRARY = "libc++";
				CLANG_LINK_OBJC_RUNTIME = NO;
				CODE_SIGN_IDENTITY = "";
				COMBINE_HIDPI_IMAGES = YES;
				CONFIGURATION_BUILD_DIR = "$(PROJECT_DIR)/build/$(CONFIGURATION)";
				COPY_PHASE_STRIP = NO;
				DEPLOYMENT_LOCATION = YES;
				DSTROOT = /;
				GCC_DYNAMIC_NO_PIC = NO;
				GCC_OPTIMIZATION_LEVEL = 0;
				GCC_PREPROCESSOR_DEFINITIONS = (
					"_DEBUG=1",
					"DEBUG=1",
					"JUCER_XCODE_MAC_F6D2F4CF=1",
					"JUCE_APP_VERSION=0.0.0",
					"JUCE_APP_VERSION_HEX=0x0",
					"JucePlugin_Build_VST=0",
					"JucePlugin_Build_VST3=1",
					"JucePlugin_Build_AU=1",
					"JucePlugin_Build_AUv3=0",
					"JucePlugin_Build_RTAS=0",
					"JucePlugin_Build_AAX=0",
					"JucePlugin_Build_Standalone=1",
					"JucePlugin_Build_Unity=0",
					"JUCE_DISPLAY_SPLASH_SCREEN=1",
					"JUCE_USE_DARK_SPLASH_SCREEN=1",
					"JUCE_PROJUCER_VERSION=0x60004",
					"JUCE_MODULE_AVAILABLE_juce_audio_basics=1",
					"JUCE_MODULE_AVAILABLE_juce_audio_devices=1",
					"JUCE_MODULE_AVAILABLE_juce_audio_formats=1",
					"JUCE_MODULE_AVAILABLE_juce_audio_plugin_client=1",
					"JUCE_MODULE_AVAILABLE_juce_audio_processors=1",
					"JUCE_MODULE_AVAILABLE_juce_audio_utils=1",
					"JUCE_MODULE_AVAILABLE_juce_box2d=1",
					"JUCE_MODULE_AVAILABLE_juce_core=1",
					"JUCE_MODULE_AVAILABLE_juce_data_structures=1",
					"JUCE_MODULE_AVAILABLE_juce_dsp=1",
					"JUCE_MODULE_AVAILABLE_juce_events=1",
					"JUCE_MODULE_AVAILABLE_juce_graphics=1",
					"JUCE_MODULE_AVAILABLE_juce_gui_basics=1",
					"JUCE_MODULE_AVAILABLE_juce_gui_extra=1",
					"JUCE_MODULE_AVAILABLE_juce_opengl=1",
					"JUCE_MODULE_AVAILABLE_juce_video=1",
					"JUCE_GLOBAL_MODULE_SETTINGS_INCLUDED=1",
					"JUCE_VST3_CAN_REPLACE_VST2=0",
					"JUCE_STRICT_REFCOUNTEDPOINTER=1",
					"JucePlugin_Enable_IAA=0",
					"JucePlugin_Name=\\\"FFTanalyzer\\\"",
					"JucePlugin_Desc=\\\"FFTanalyzer\\\"",
					"JucePlugin_Manufacturer=\\\"markmatamoros\\\"",
					"JucePlugin_ManufacturerWebsite=\\\"\\\"",
					"JucePlugin_ManufacturerEmail=\\\"\\\"",
					"JucePlugin_ManufacturerCode=0x4d616e75",
					"JucePlugin_PluginCode=0x4b396772",
					"JucePlugin_IsSynth=0",
					"JucePlugin_WantsMidiInput=0",
					"JucePlugin_ProducesMidiOutput=0",
					"JucePlugin_IsMidiEffect=0",
					"JucePlugin_EditorRequiresKeyboardFocus=0",
					"JucePlugin_Version=0.0.0",
					"JucePlugin_VersionCode=0x0",
					"JucePlugin_VersionString=\\\"0.0.0\\\"",
					"JucePlugin_VSTUniqueID=JucePlugin_PluginCode",
					"JucePlugin_VSTCategory=kPlugCategEffect",
					"JucePlugin_Vst3Category=\\\"Fx\\\"",
					"JucePlugin_AUMainType='aufx'",
					"JucePlugin_AUSubType=JucePlugin_PluginCode",
					"JucePlugin_AUExportPrefix=FFTanalyzerAU",
					"JucePlugin_AUExportPrefixQuoted=\\\"FFTanalyzerAU\\\"",
					"JucePlugin_AUManufacturerCode=JucePlugin_ManufacturerCode",
					"JucePlugin_CFBundleIdentifier=com.yourcompany.FFTanalyzer",
					"JucePlugin_RTASCategory=0",
					"JucePlugin_RTASManufacturerCode=JucePlugin_ManufacturerCode",
					"JucePlugin_RTASProductId=JucePlugin_PluginCode",
					"JucePlugin_RTASDisableBypass=0",
					"JucePlugin_RTASDisableMultiMono=0",
					"JucePlugin_AAXIdentifier=com.yourcompany.FFTanalyzer",
					"JucePlugin_AAXManufacturerCode=JucePlugin_ManufacturerCode",
					"JucePlugin_AAXProductId=JucePlugin_PluginCode",
					"JucePlugin_AAXCategory=0",
					"JucePlugin_AAXDisableBypass=0",
					"JucePlugin_AAXDisableMultiMono=0",
					"JucePlugin_IAAType=0x61757278",
					"JucePlugin_IAASubType=JucePlugin_PluginCode",
					"JucePlugin_IAAName=\\\"markmatamoros:\\ FFTanalyzer\\\"",
					"JucePlugin_VSTNumMidiInputs=16",
					"JucePlugin_VSTNumMidiOutputs=16",
					"JUCE_STANDALONE_APPLICATION=JucePlugin_Build_Standalone",
				);
				GCC_VERSION = com.apple.compilers.llvm.clang.1_0;
				GENERATE_PKGINFO_FILE = YES;
				HEADER_SEARCH_PATHS = (
					"/Users/markmatamoros/Documents/JUCE/modules/juce_audio_processors/format_types/VST3_SDK",
					"../../JuceLibraryCode",
					"/Users/markmatamoros/Documents/JUCE/modules",
					"/Users/markmatamoros/Documents/JUCE/modules/juce_audio_plugin_client",
					"$(inherited)",
				);
				INFOPLIST_FILE = Info-VST3.plist;
				INFOPLIST_PREPROCESS = NO;
				INSTALL_PATH = "$(HOME)/Library/Audio/Plug-Ins/VST3/";
				LIBRARY_STYLE = Bundle;
				MACOSX_DEPLOYMENT_TARGET = 10.11;
				MTL_HEADER_SEARCH_PATHS = (
					"/Users/markmatamoros/Documents/JUCE/modules/juce_audio_processors/format_types/VST3_SDK",
					"../../JuceLibraryCode",
					"/Users/markmatamoros/Documents/JUCE/modules",
					"/Users/markmatamoros/Documents/JUCE/modules/juce_audio_plugin_client",
				);
				OTHER_LDFLAGS = "-bundle -lNewProject";
				PRODUCT_BUNDLE_IDENTIFIER = com.yourcompany.FFTanalyzer;
				PRODUCT_NAME = "NewProject";
				USE_HEADERMAP = NO;
				VALID_ARCHS = "i386 x86_64 arm64 arm64e";
				WRAPPER_EXTENSION = vst3;
			};
			name = Debug;
		};
		DC3BD3DC08B2A07B948230F1 = {
			isa = XCBuildConfiguration;
			buildSettings = {
				CLANG_CXX_LANGUAGE_STANDARD = "c++14";
				CLANG_CXX_LIBRARY = "libc++";
				CLANG_LINK_OBJC_RUNTIME = NO;
				CODE_SIGN_IDENTITY = "";
				COMBINE_HIDPI_IMAGES = YES;
				CONFIGURATION_BUILD_DIR = "$(PROJECT_DIR)/build/$(CONFIGURATION)";
				DEAD_CODE_STRIPPING = YES;
				DEPLOYMENT_LOCATION = YES;
				DSTROOT = /;
				GCC_GENERATE_DEBUGGING_SYMBOLS = NO;
				GCC_OPTIMIZATION_LEVEL = 3;
				GCC_PREPROCESSOR_DEFINITIONS = (
					"_NDEBUG=1",
					"NDEBUG=1",
					"JUCER_XCODE_MAC_F6D2F4CF=1",
					"JUCE_APP_VERSION=0.0.0",
					"JUCE_APP_VERSION_HEX=0x0",
					"JucePlugin_Build_VST=0",
					"JucePlugin_Build_VST3=1",
					"JucePlugin_Build_AU=1",
					"JucePlugin_Build_AUv3=0",
					"JucePlugin_Build_RTAS=0",
					"JucePlugin_Build_AAX=0",
					"JucePlugin_Build_Standalone=1",
					"JucePlugin_Build_Unity=0",
					"JUCE_DISPLAY_SPLASH_SCREEN=1",
					"JUCE_USE_DARK_SPLASH_SCREEN=1",
					"JUCE_PROJUCER_VERSION=0x60004",
					"JUCE_MODULE_AVAILABLE_juce_audio_basics=1",
					"JUCE_MODULE_AVAILABLE_juce_audio_devices=1",
					"JUCE_MODULE_AVAILABLE_juce_audio_formats=1",
					"JUCE_MODULE_AVAILABLE_juce_audio_plugin_client=1",
					"JUCE_MODULE_AVAILABLE_juce_audio_processors=1",
					"JUCE_MODULE_AVAILABLE_juce_audio_utils=1",
					"JUCE_MODULE_AVAILABLE_juce_box2d=1",
					"JUCE_MODULE_AVAILABLE_juce_core=1",
					"JUCE_MODULE_AVAILABLE_juce_data_structures=1",
					"JUCE_MODULE_AVAILABLE_juce_dsp=1",
					"JUCE_MODULE_AVAILABLE_juce_events=1",
					"JUCE_MODULE_AVAILABLE_juce_graphics=1",
					"JUCE_MODULE_AVAILABLE_juce_gui_basics=1",
					"JUCE_MODULE_AVAILABLE_juce_gui_extra=1",
					"JUCE_MODULE_AVAILABLE_juce_opengl=1",
					"JUCE_MODULE_AVAILABLE_juce_video=1",
					"JUCE_GLOBAL_MODULE_SETTINGS_INCLUDED=1",
					"JUCE_VST3_CAN_REPLACE_VST2=0",
					"JUCE_STRICT_REFCOUNTEDPOINTER=1",
					"JucePlugin_Enable_IAA=0",
					"JucePlugin_Name=\\\"FFTanalyzer\\\"",
					"JucePlugin_Desc=\\\"FFTanalyzer\\\"",
					"JucePlugin_Manufacturer=\\\"markmatamoros\\\"",
					"JucePlugin_ManufacturerWebsite=\\\"\\\"",
					"JucePlugin_ManufacturerEmail=\\\"\\\"",
					"JucePlugin_ManufacturerCode=0x4d616e75",
					"JucePlugin_PluginCode=0x4b396772",
					"JucePlugin_IsSynth=0",
					"JucePlugin_WantsMidiInput=0",
					"JucePlugin_ProducesMidiOutput=0",
					"JucePlugin_IsMidiEffect=0",
					"JucePlugin_EditorRequiresKeyboardFocus=0",
					"JucePlugin_Version=0.0.0",
					"JucePlugin_VersionCode=0x0",
					"JucePlugin_VersionString=\\\"0.0.0\\\"",
					"JucePlugin_VSTUniqueID=JucePlugin_PluginCode",
					"JucePlugin_VSTCategory=kPlugCategEffect",
					"JucePlugin_Vst3Category=\\\"Fx\\\"",
					"JucePlugin_AUMainType='aufx'",
					"JucePlugin_AUSubType=JucePlugin_PluginCode",
					"JucePlugin_AUExportPrefix=FFTanalyzerAU",
					"JucePlugin_AUExportPrefixQuoted=\\\"FFTanalyzerAU\\\"",
					"JucePlugin_AUManufacturerCode=JucePlugin_ManufacturerCode",
					"JucePlugin_CFBundleIdentifier=com.yourcompany.FFTanalyzer",
					"JucePlugin_RTASCategory=0",
					"JucePlugin_RTASManufacturerCode=JucePlugin_ManufacturerCode",
					"JucePlugin_RTASProductId=JucePlugin_PluginCode",
					"JucePlugin_RTASDisableBypass=0",
					"JucePlugin_RTASDisableMultiMono=0",
					"JucePlugin_AAXIdentifier=com.yourcompany.FFTanalyzer",
					"JucePlugin_AAXManufacturerCode=JucePlugin_ManufacturerCode",
					"JucePlugin_AAXProductId=JucePlugin_PluginCode",
					"JucePlugin_AAXCategory=0",
					"JucePlugin_AAXDisableBypass=0",
					"JucePlugin_AAXDisableMultiMono=0",
					"JucePlugin_IAAType=0x61757278",
					"JucePlugin_IAASubType=JucePlugin_PluginCode",
					"JucePlugin_IAAName=\\\"markmatamoros:\\ FFTanalyzer\\\"",
					"JucePlugin_VSTNumMidiInputs=16",
					"JucePlugin_VSTNumMidiOutputs=16",
					"JUCE_STANDALONE_APPLICATION=JucePlugin_Build_Standalone",
				);
				GCC_VERSION = com.apple.compilers.llvm.clang.1_0;
				GENERATE_PKGINFO_FILE = YES;
				HEADER_SEARCH_PATHS = (
					"/Users/markmatamoros/Documents/JUCE/modules/juce_audio_processors/format_types/VST3_SDK",
					"../../JuceLibraryCode",
					"/Users/markmatamoros/Documents/JUCE/modules",
					"/Users/markmatamoros/Documents/JUCE/modules/juce_audio_plugin_client",
					"$(inherited)",
				);
				INFOPLIST_FILE = Info-VST3.plist;
				INFOPLIST_PREPROCESS = NO;
				INSTALL_PATH = "$(HOME)/Library/Audio/Plug-Ins/VST3/";
				LIBRARY_STYLE = Bundle;
				LLVM_LTO = YES;
				MACOSX_DEPLOYMENT_TARGET = 10.11;
				MTL_HEADER_SEARCH_PATHS = (
					"/Users/markmatamoros/Documents/JUCE/modules/juce_audio_processors/format_types/VST3_SDK",
					"../../JuceLibraryCode",
					"/Users/markmatamoros/Documents/JUCE/modules",
					"/Users/markmatamoros/Documents/JUCE/modules/juce_audio_plugin_client",
				);
				OTHER_LDFLAGS = "-bundle -lNewProject";
				PRODUCT_BUNDLE_IDENTIFIER = com.yourcompany.FFTanalyzer;
				PRODUCT_NAME = "NewProject";
				USE_HEADERMAP = NO;
				VALID_ARCHS = "i386 x86_64 arm64 arm64e";
				WRAPPER_EXTENSION = vst3;
			};
			name = Release;
		};
		2B0EEAF9CC3B35B17D412443 = {
			isa = XCBuildConfiguration;
			buildSettings = {
				CLANG_CXX_LANGUAGE_STANDARD = "c++14";
				CLANG_CXX_LIBRARY = "libc++";
				CLANG_LINK_OBJC_RUNTIME = NO;
				CODE_SIGN_IDENTITY = "";
				COMBINE_HIDPI_IMAGES = YES;
				CONFIGURATION_BUILD_DIR = "$(PROJECT_DIR)/build/$(CONFIGURATION)";
				COPY_PHASE_STRIP = NO;
				DEPLOYMENT_LOCATION = YES;
				DSTROOT = /;
				GCC_DYNAMIC_NO_PIC = NO;
				GCC_OPTIMIZATION_LEVEL = 0;
				GCC_PREPROCESSOR_DEFINITIONS = (
					"_DEBUG=1",
					"DEBUG=1",
					"JUCER_XCODE_MAC_F6D2F4CF=1",
					"JUCE_APP_VERSION=0.0.0",
					"JUCE_APP_VERSION_HEX=0x0",
					"JucePlugin_Build_VST=0",
					"JucePlugin_Build_VST3=1",
					"JucePlugin_Build_AU=1",
					"JucePlugin_Build_AUv3=0",
					"JucePlugin_Build_RTAS=0",
					"JucePlugin_Build_AAX=0",
					"JucePlugin_Build_Standalone=1",
					"JucePlugin_Build_Unity=0",
					"JUCE_DISPLAY_SPLASH_SCREEN=1",
					"JUCE_USE_DARK_SPLASH_SCREEN=1",
					"JUCE_PROJUCER_VERSION=0x60004",
					"JUCE_MODULE_AVAILABLE_juce_audio_basics=1",
					"JUCE_MODULE_AVAILABLE_juce_audio_devices=1",
					"JUCE_MODULE_AVAILABLE_juce_audio_formats=1",
					"JUCE_MODULE_AVAILABLE_juce_audio_plugin_client=1",
					"JUCE_MODULE_AVAILABLE_juce_audio_processors=1",
					"JUCE_MODULE_AVAILABLE_juce_audio_utils=1",
					"JUCE_MODULE_AVAILABLE_juce_box2d=1",
					"JUCE_MODULE_AVAILABLE_juce_core=1",
					"JUCE_MODULE_AVAILABLE_juce_data_structures=1",
					"JUCE_MODULE_AVAILABLE_juce_dsp=1",
					"JUCE_MODULE_AVAILABLE_juce_events=1",
					"JUCE_MODULE_AVAILABLE_juce_graphics=1",
					"JUCE_MODULE_AVAILABLE_juce_gui_basics=1",
					"JUCE_MODULE_AVAILABLE_juce_gui_extra=1",
					"JUCE_MODULE_AVAILABLE_juce_opengl=1",
					"JUCE_MODULE_AVAILABLE_juce_video=1",
					"JUCE_GLOBAL_MODULE_SETTINGS_INCLUDED=1",
					"JUCE_VST3_CAN_REPLACE_VST2=0",
					"JUCE_STRICT_REFCOUNTEDPOINTER=1",
					"JucePlugin_Enable_IAA=0",
					"JucePlugin_Name=\\\"FFTanalyzer\\\"",
					"JucePlugin_Desc=\\\"FFTanalyzer\\\"",
					"JucePlugin_Manufacturer=\\\"markmatamoros\\\"",
					"JucePlugin_ManufacturerWebsite=\\\"\\\"",
					"JucePlugin_ManufacturerEmail=\\\"\\\"",
					"JucePlugin_ManufacturerCode=0x4d616e75",
					"JucePlugin_PluginCode=0x4b396772",
					"JucePlugin_IsSynth=0",
					"JucePlugin_WantsMidiInput=0",
					"JucePlugin_ProducesMidiOutput=0",
					"JucePlugin_IsMidiEffect=0",
					"JucePlugin_EditorRequiresKeyboardFocus=0",
					"JucePlugin_Version=0.0.0",
					"JucePlugin_VersionCode=0x0",
					"JucePlugin_VersionString=\\\"0.0.0\\\"",
					"JucePlugin_VSTUniqueID=JucePlugin_PluginCode",
					"JucePlugin_VSTCategory=kPlugCategEffect",
					"JucePlugin_Vst3Category=\\\"Fx\\\"",
					"JucePlugin_AUMainType='aufx'",
					"JucePlugin_AUSubType=JucePlugin_PluginCode",
					"JucePlugin_AUExportPrefix=FFTanalyzerAU",
					"JucePlugin_AUExportPrefixQuoted=\\\"FFTanalyzerAU\\\"",
					"JucePlugin_AUManufacturerCode=JucePlugin_ManufacturerCode",
					"JucePlugin_CFBundleIdentifier=com.yourcompany.FFTanalyzer",
					"JucePlugin_RTASCategory=0",
					"JucePlugin_RTASManufacturerCode=JucePlugin_ManufacturerCode",
					"JucePlugin_RTASProductId=JucePlugin_PluginCode",
					"JucePlugin_RTASDisableBypass=0",
					"JucePlugin_RTASDisableMultiMono=0",
					"JucePlugin_AAXIdentifier=com.yourcompany.FFTanalyzer",
					"JucePlugin_AAXManufacturerCode=JucePlugin_ManufacturerCode",
					"JucePlugin_AAXProductId=JucePlugin_PluginCode",
					"JucePlugin_AAXCategory=0",
					"JucePlugin_AAXDisableBypass=0",
					"JucePlugin_AAXDisableMultiMono=0",
					"JucePlugin_IAAType=0x61757278",
					"JucePlugin_IAASubType=JucePlugin_PluginCode",
					"JucePlugin_IAAName=\\\"markmatamoros:\\ FFTanalyzer\\\"",
					"JucePlugin_VSTNumMidiInputs=16",
					"JucePlugin_VSTNumMidiOutputs=16",
					"JUCE_STANDALONE_APPLICATION=JucePlugin_Build_Standalone",
				);
				GCC_VERSION = com.apple.compilers.llvm.clang.1_0;
				GENERATE_PKGINFO_FILE = YES;
				HEADER_SEARCH_PATHS = (
					"/Users/markmatamoros/Documents/JUCE/modules/juce_audio_processors/format_types/VST3_SDK",
					"../../JuceLibraryCode",
					"/Users/markmatamoros/Documents/JUCE/modules",
					"/Users/markmatamoros/Documents/JUCE/modules/juce_audio_plugin_client",
					"$(inherited)",
				);
				INFOPLIST_FILE = Info-AU.plist;
				INFOPLIST_PREPROCESS = NO;
				INSTALL_PATH = "$(HOME)/Library/Audio/Plug-Ins/Components/";
				LIBRARY_STYLE = Bundle;
				MACOSX_DEPLOYMENT_TARGET = 10.11;
				MTL_HEADER_SEARCH_PATHS = (
					"/Users/markmatamoros/Documents/JUCE/modules/juce_audio_processors/format_types/VST3_SDK",
					"../../JuceLibraryCode",
					"/Users/markmatamoros/Documents/JUCE/modules",
					"/Users/markmatamoros/Documents/JUCE/modules/juce_audio_plugin_client",
				);
				OTHER_LDFLAGS = "-bundle -lNewProject";
				OTHER_REZFLAGS = "-d ppc_$ppc -d i386_$i386 -d ppc64_$ppc64 -d x86_64_$x86_64 -I /System/Library/Frameworks/CoreServices.framework/Frameworks/CarbonCore.framework/Versions/A/Headers -I \"$(DEVELOPER_DIR)/Extras/CoreAudio/AudioUnits/AUPublic/AUBase\" -I \"$(DEVELOPER_DIR)/Platforms/MacOSX.platform/Developer/SDKs/MacOSX.sdk/System/Library/Frameworks/AudioUnit.framework/Headers\"";
				PRODUCT_BUNDLE_IDENTIFIER = com.yourcompany.FFTanalyzer;
				PRODUCT_NAME = "NewProject";
				USE_HEADERMAP = NO;
				VALID_ARCHS = "i386 x86_64 arm64 arm64e";
				WRAPPER_EXTENSION = component;
			};
			name = Debug;
		};
		3508C5467820ED7316525841 = {
			isa = XCBuildConfiguration;
			buildSettings = {
				CLANG_CXX_LANGUAGE_STANDARD = "c++14";
				CLANG_CXX_LIBRARY = "libc++";
				CLANG_LINK_OBJC_RUNTIME = NO;
				CODE_SIGN_IDENTITY = "";
				COMBINE_HIDPI_IMAGES = YES;
				CONFIGURATION_BUILD_DIR = "$(PROJECT_DIR)/build/$(CONFIGURATION)";
				DEAD_CODE_STRIPPING = YES;
				DEPLOYMENT_LOCATION = YES;
				DSTROOT = /;
				GCC_GENERATE_DEBUGGING_SYMBOLS = NO;
				GCC_OPTIMIZATION_LEVEL = 3;
				GCC_PREPROCESSOR_DEFINITIONS = (
					"_NDEBUG=1",
					"NDEBUG=1",
					"JUCER_XCODE_MAC_F6D2F4CF=1",
					"JUCE_APP_VERSION=0.0.0",
					"JUCE_APP_VERSION_HEX=0x0",
					"JucePlugin_Build_VST=0",
					"JucePlugin_Build_VST3=1",
					"JucePlugin_Build_AU=1",
					"JucePlugin_Build_AUv3=0",
					"JucePlugin_Build_RTAS=0",
					"JucePlugin_Build_AAX=0",
					"JucePlugin_Build_Standalone=1",
					"JucePlugin_Build_Unity=0",
					"JUCE_DISPLAY_SPLASH_SCREEN=1",
					"JUCE_USE_DARK_SPLASH_SCREEN=1",
					"JUCE_PROJUCER_VERSION=0x60004",
					"JUCE_MODULE_AVAILABLE_juce_audio_basics=1",
					"JUCE_MODULE_AVAILABLE_juce_audio_devices=1",
					"JUCE_MODULE_AVAILABLE_juce_audio_formats=1",
					"JUCE_MODULE_AVAILABLE_juce_audio_plugin_client=1",
					"JUCE_MODULE_AVAILABLE_juce_audio_processors=1",
					"JUCE_MODULE_AVAILABLE_juce_audio_utils=1",
					"JUCE_MODULE_AVAILABLE_juce_box2d=1",
					"JUCE_MODULE_AVAILABLE_juce_core=1",
					"JUCE_MODULE_AVAILABLE_juce_data_structures=1",
					"JUCE_MODULE_AVAILABLE_juce_dsp=1",
					"JUCE_MODULE_AVAILABLE_juce_events=1",
					"JUCE_MODULE_AVAILABLE_juce_graphics=1",
					"JUCE_MODULE_AVAILABLE_juce_gui_basics=1",
					"JUCE_MODULE_AVAILABLE_juce_gui_extra=1",
					"JUCE_MODULE_AVAILABLE_juce_opengl=1",
					"JUCE_MODULE_AVAILABLE_juce_video=1",
					"JUCE_GLOBAL_MODULE_SETTINGS_INCLUDED=1",
					"JUCE_VST3_CAN_REPLACE_VST2=0",
					"JUCE_STRICT_REFCOUNTEDPOINTER=1",
					"JucePlugin_Enable_IAA=0",
					"JucePlugin_Name=\\\"FFTanalyzer\\\"",
					"JucePlugin_Desc=\\\"FFTanalyzer\\\"",
					"JucePlugin_Manufacturer=\\\"markmatamoros\\\"",
					"JucePlugin_ManufacturerWebsite=\\\"\\\"",
					"JucePlugin_ManufacturerEmail=\\\"\\\"",
					"JucePlugin_ManufacturerCode=0x4d616e75",
					"JucePlugin_PluginCode=0x4b396772",
					"JucePlugin_IsSynth=0",
					"JucePlugin_WantsMidiInput=0",
					"JucePlugin_ProducesMidiOutput=0",
					"JucePlugin_IsMidiEffect=0",
					"JucePlugin_EditorRequiresKeyboardFocus=0",
					"JucePlugin_Version=0.0.0",
					"JucePlugin_VersionCode=0x0",
					"JucePlugin_VersionString=\\\"0.0.0\\\"",
					"JucePlugin_VSTUniqueID=JucePlugin_PluginCode",
					"JucePlugin_VSTCategory=kPlugCategEffect",
					"JucePlugin_Vst3Category=\\\"Fx\\\"",
					"JucePlugin_AUMainType='aufx'",
					"JucePlugin_AUSubType=JucePlugin_PluginCode",
					"JucePlugin_AUExportPrefix=FFTanalyzerAU",
					"JucePlugin_AUExportPrefixQuoted=\\\"FFTanalyzerAU\\\"",
					"JucePlugin_AUManufacturerCode=JucePlugin_ManufacturerCode",
					"JucePlugin_CFBundleIdentifier=com.yourcompany.FFTanalyzer",
					"JucePlugin_RTASCategory=0",
					"JucePlugin_RTASManufacturerCode=JucePlugin_ManufacturerCode",
					"JucePlugin_RTASProductId=JucePlugin_PluginCode",
					"JucePlugin_RTASDisableBypass=0",
					"JucePlugin_RTASDisableMultiMono=0",
					"JucePlugin_AAXIdentifier=com.yourcompany.FFTanalyzer",
					"JucePlugin_AAXManufacturerCode=JucePlugin_ManufacturerCode",
					"JucePlugin_AAXProductId=JucePlugin_PluginCode",
					"JucePlugin_AAXCategory=0",
					"JucePlugin_AAXDisableBypass=0",
					"JucePlugin_AAXDisableMultiMono=0",
					"JucePlugin_IAAType=0x61757278",
					"JucePlugin_IAASubType=JucePlugin_PluginCode",
					"JucePlugin_IAAName=\\\"markmatamoros:\\ FFTanalyzer\\\"",
					"JucePlugin_VSTNumMidiInputs=16",
					"JucePlugin_VSTNumMidiOutputs=16",
					"JUCE_STANDALONE_APPLICATION=JucePlugin_Build_Standalone",
				);
				GCC_VERSION = com.apple.compilers.llvm.clang.1_0;
				GENERATE_PKGINFO_FILE = YES;
				HEADER_SEARCH_PATHS = (
					"/Users/markmatamoros/Documents/JUCE/modules/juce_audio_processors/format_types/VST3_SDK",
					"../../JuceLibraryCode",
					"/Users/markmatamoros/Documents/JUCE/modules",
					"/Users/markmatamoros/Documents/JUCE/modules/juce_audio_plugin_client",
					"$(inherited)",
				);
				INFOPLIST_FILE = Info-AU.plist;
				INFOPLIST_PREPROCESS = NO;
				INSTALL_PATH = "$(HOME)/Library/Audio/Plug-Ins/Components/";
				LIBRARY_STYLE = Bundle;
				LLVM_LTO = YES;
				MACOSX_DEPLOYMENT_TARGET = 10.11;
				MTL_HEADER_SEARCH_PATHS = (
					"/Users/markmatamoros/Documents/JUCE/modules/juce_audio_processors/format_types/VST3_SDK",
					"../../JuceLibraryCode",
					"/Users/markmatamoros/Documents/JUCE/modules",
					"/Users/markmatamoros/Documents/JUCE/modules/juce_audio_plugin_client",
				);
				OTHER_LDFLAGS = "-bundle -lNewProject";
				OTHER_REZFLAGS = "-d ppc_$ppc -d i386_$i386 -d ppc64_$ppc64 -d x86_64_$x86_64 -I /System/Library/Frameworks/CoreServices.framework/Frameworks/CarbonCore.framework/Versions/A/Headers -I \"$(DEVELOPER_DIR)/Extras/CoreAudio/AudioUnits/AUPublic/AUBase\" -I \"$(DEVELOPER_DIR)/Platforms/MacOSX.platform/Developer/SDKs/MacOSX.sdk/System/Library/Frameworks/AudioUnit.framework/Headers\"";
				PRODUCT_BUNDLE_IDENTIFIER = com.yourcompany.FFTanalyzer;
				PRODUCT_NAME = "NewProject";
				USE_HEADERMAP = NO;
				VALID_ARCHS = "i386 x86_64 arm64 arm64e";
				WRAPPER_EXTENSION = component;
			};
			name = Release;
		};
		EF7786B6809420DB928B7B7B = {
			isa = XCBuildConfiguration;
			buildSettings = {
				CLANG_CXX_LANGUAGE_STANDARD = "c++14";
				CLANG_CXX_LIBRARY = "libc++";
				CLANG_LINK_OBJC_RUNTIME = NO;
				CODE_SIGN_IDENTITY = "";
				COMBINE_HIDPI_IMAGES = YES;
				CONFIGURATION_BUILD_DIR = "$(PROJECT_DIR)/build/$(CONFIGURATION)";
				COPY_PHASE_STRIP = NO;
				GCC_DYNAMIC_NO_PIC = NO;
				GCC_OPTIMIZATION_LEVEL = 0;
				GCC_PREPROCESSOR_DEFINITIONS = (
					"_DEBUG=1",
					"DEBUG=1",
					"JUCER_XCODE_MAC_F6D2F4CF=1",
					"JUCE_APP_VERSION=0.0.0",
					"JUCE_APP_VERSION_HEX=0x0",
					"JucePlugin_Build_VST=0",
					"JucePlugin_Build_VST3=1",
					"JucePlugin_Build_AU=1",
					"JucePlugin_Build_AUv3=0",
					"JucePlugin_Build_RTAS=0",
					"JucePlugin_Build_AAX=0",
					"JucePlugin_Build_Standalone=1",
					"JucePlugin_Build_Unity=0",
					"JUCE_DISPLAY_SPLASH_SCREEN=1",
					"JUCE_USE_DARK_SPLASH_SCREEN=1",
					"JUCE_PROJUCER_VERSION=0x60004",
					"JUCE_MODULE_AVAILABLE_juce_audio_basics=1",
					"JUCE_MODULE_AVAILABLE_juce_audio_devices=1",
					"JUCE_MODULE_AVAILABLE_juce_audio_formats=1",
					"JUCE_MODULE_AVAILABLE_juce_audio_plugin_client=1",
					"JUCE_MODULE_AVAILABLE_juce_audio_processors=1",
					"JUCE_MODULE_AVAILABLE_juce_audio_utils=1",
					"JUCE_MODULE_AVAILABLE_juce_box2d=1",
					"JUCE_MODULE_AVAILABLE_juce_core=1",
					"JUCE_MODULE_AVAILABLE_juce_data_structures=1",
					"JUCE_MODULE_AVAILABLE_juce_dsp=1",
					"JUCE_MODULE_AVAILABLE_juce_events=1",
					"JUCE_MODULE_AVAILABLE_juce_graphics=1",
					"JUCE_MODULE_AVAILABLE_juce_gui_basics=1",
					"JUCE_MODULE_AVAILABLE_juce_gui_extra=1",
					"JUCE_MODULE_AVAILABLE_juce_opengl=1",
					"JUCE_MODULE_AVAILABLE_juce_video=1",
					"JUCE_GLOBAL_MODULE_SETTINGS_INCLUDED=1",
					"JUCE_VST3_CAN_REPLACE_VST2=0",
					"JUCE_STRICT_REFCOUNTEDPOINTER=1",
					"JucePlugin_Enable_IAA=0",
					"JucePlugin_Name=\\\"FFTanalyzer\\\"",
					"JucePlugin_Desc=\\\"FFTanalyzer\\\"",
					"JucePlugin_Manufacturer=\\\"markmatamoros\\\"",
					"JucePlugin_ManufacturerWebsite=\\\"\\\"",
					"JucePlugin_ManufacturerEmail=\\\"\\\"",
					"JucePlugin_ManufacturerCode=0x4d616e75",
					"JucePlugin_PluginCode=0x4b396772",
					"JucePlugin_IsSynth=0",
					"JucePlugin_WantsMidiInput=0",
					"JucePlugin_ProducesMidiOutput=0",
					"JucePlugin_IsMidiEffect=0",
					"JucePlugin_EditorRequiresKeyboardFocus=0",
					"JucePlugin_Version=0.0.0",
					"JucePlugin_VersionCode=0x0",
					"JucePlugin_VersionString=\\\"0.0.0\\\"",
					"JucePlugin_VSTUniqueID=JucePlugin_PluginCode",
					"JucePlugin_VSTCategory=kPlugCategEffect",
					"JucePlugin_Vst3Category=\\\"Fx\\\"",
					"JucePlugin_AUMainType='aufx'",
					"JucePlugin_AUSubType=JucePlugin_PluginCode",
					"JucePlugin_AUExportPrefix=FFTanalyzerAU",
					"JucePlugin_AUExportPrefixQuoted=\\\"FFTanalyzerAU\\\"",
					"JucePlugin_AUManufacturerCode=JucePlugin_ManufacturerCode",
					"JucePlugin_CFBundleIdentifier=com.yourcompany.FFTanalyzer",
					"JucePlugin_RTASCategory=0",
					"JucePlugin_RTASManufacturerCode=JucePlugin_ManufacturerCode",
					"JucePlugin_RTASProductId=JucePlugin_PluginCode",
					"JucePlugin_RTASDisableBypass=0",
					"JucePlugin_RTASDisableMultiMono=0",
					"JucePlugin_AAXIdentifier=com.yourcompany.FFTanalyzer",
					"JucePlugin_AAXManufacturerCode=JucePlugin_ManufacturerCode",
					"JucePlugin_AAXProductId=JucePlugin_PluginCode",
					"JucePlugin_AAXCategory=0",
					"JucePlugin_AAXDisableBypass=0",
					"JucePlugin_AAXDisableMultiMono=0",
					"JucePlugin_IAAType=0x61757278",
					"JucePlugin_IAASubType=JucePlugin_PluginCode",
					"JucePlugin_IAAName=\\\"markmatamoros:\\ FFTanalyzer\\\"",
					"JucePlugin_VSTNumMidiInputs=16",
					"JucePlugin_VSTNumMidiOutputs=16",
					"JUCE_STANDALONE_APPLICATION=JucePlugin_Build_Standalone",
				);
				GCC_VERSION = com.apple.compilers.llvm.clang.1_0;
				HEADER_SEARCH_PATHS = (
					"/Users/markmatamoros/Documents/JUCE/modules/juce_audio_processors/format_types/VST3_SDK",
					"../../JuceLibraryCode",
					"/Users/markmatamoros/Documents/JUCE/modules",
					"/Users/markmatamoros/Documents/JUCE/modules/juce_audio_plugin_client",
					"$(inherited)",
				);
				INFOPLIST_FILE = Info-Standalone_Plugin.plist;
				INFOPLIST_PREPROCESS = NO;
				MACOSX_DEPLOYMENT_TARGET = 10.11;
				MTL_HEADER_SEARCH_PATHS = (
					"/Users/markmatamoros/Documents/JUCE/modules/juce_audio_processors/format_types/VST3_SDK",
					"../../JuceLibraryCode",
					"/Users/markmatamoros/Documents/JUCE/modules",
					"/Users/markmatamoros/Documents/JUCE/modules/juce_audio_plugin_client",
				);
				OTHER_LDFLAGS = "-lNewProject";
				PRODUCT_BUNDLE_IDENTIFIER = com.yourcompany.FFTanalyzer;
				PRODUCT_NAME = "NewProject";
				USE_HEADERMAP = NO;
				VALID_ARCHS = "i386 x86_64 arm64 arm64e";
			};
			name = Debug;
		};
		A7F776D3956201022708A133 = {
			isa = XCBuildConfiguration;
			buildSettings = {
				CLANG_CXX_LANGUAGE_STANDARD = "c++14";
				CLANG_CXX_LIBRARY = "libc++";
				CLANG_LINK_OBJC_RUNTIME = NO;
				CODE_SIGN_IDENTITY = "";
				COMBINE_HIDPI_IMAGES = YES;
				CONFIGURATION_BUILD_DIR = "$(PROJECT_DIR)/build/$(CONFIGURATION)";
				DEAD_CODE_STRIPPING = YES;
				GCC_GENERATE_DEBUGGING_SYMBOLS = NO;
				GCC_OPTIMIZATION_LEVEL = 3;
				GCC_PREPROCESSOR_DEFINITIONS = (
					"_NDEBUG=1",
					"NDEBUG=1",
					"JUCER_XCODE_MAC_F6D2F4CF=1",
					"JUCE_APP_VERSION=0.0.0",
					"JUCE_APP_VERSION_HEX=0x0",
					"JucePlugin_Build_VST=0",
					"JucePlugin_Build_VST3=1",
					"JucePlugin_Build_AU=1",
					"JucePlugin_Build_AUv3=0",
					"JucePlugin_Build_RTAS=0",
					"JucePlugin_Build_AAX=0",
					"JucePlugin_Build_Standalone=1",
					"JucePlugin_Build_Unity=0",
					"JUCE_DISPLAY_SPLASH_SCREEN=1",
					"JUCE_USE_DARK_SPLASH_SCREEN=1",
					"JUCE_PROJUCER_VERSION=0x60004",
					"JUCE_MODULE_AVAILABLE_juce_audio_basics=1",
					"JUCE_MODULE_AVAILABLE_juce_audio_devices=1",
					"JUCE_MODULE_AVAILABLE_juce_audio_formats=1",
					"JUCE_MODULE_AVAILABLE_juce_audio_plugin_client=1",
					"JUCE_MODULE_AVAILABLE_juce_audio_processors=1",
					"JUCE_MODULE_AVAILABLE_juce_audio_utils=1",
					"JUCE_MODULE_AVAILABLE_juce_box2d=1",
					"JUCE_MODULE_AVAILABLE_juce_core=1",
					"JUCE_MODULE_AVAILABLE_juce_data_structures=1",
					"JUCE_MODULE_AVAILABLE_juce_dsp=1",
					"JUCE_MODULE_AVAILABLE_juce_events=1",
					"JUCE_MODULE_AVAILABLE_juce_graphics=1",
					"JUCE_MODULE_AVAILABLE_juce_gui_basics=1",
					"JUCE_MODULE_AVAILABLE_juce_gui_extra=1",
					"JUCE_MODULE_AVAILABLE_juce_opengl=1",
					"JUCE_MODULE_AVAILABLE_juce_video=1",
					"JUCE_GLOBAL_MODULE_SETTINGS_INCLUDED=1",
					"JUCE_VST3_CAN_REPLACE_VST2=0",
					"JUCE_STRICT_REFCOUNTEDPOINTER=1",
					"JucePlugin_Enable_IAA=0",
					"JucePlugin_Name=\\\"FFTanalyzer\\\"",
					"JucePlugin_Desc=\\\"FFTanalyzer\\\"",
					"JucePlugin_Manufacturer=\\\"markmatamoros\\\"",
					"JucePlugin_ManufacturerWebsite=\\\"\\\"",
					"JucePlugin_ManufacturerEmail=\\\"\\\"",
					"JucePlugin_ManufacturerCode=0x4d616e75",
					"JucePlugin_PluginCode=0x4b396772",
					"JucePlugin_IsSynth=0",
					"JucePlugin_WantsMidiInput=0",
					"JucePlugin_ProducesMidiOutput=0",
					"JucePlugin_IsMidiEffect=0",
					"JucePlugin_EditorRequiresKeyboardFocus=0",
					"JucePlugin_Version=0.0.0",
					"JucePlugin_VersionCode=0x0",
					"JucePlugin_VersionString=\\\"0.0.0\\\"",
					"JucePlugin_VSTUniqueID=JucePlugin_PluginCode",
					"JucePlugin_VSTCategory=kPlugCategEffect",
					"JucePlugin_Vst3Category=\\\"Fx\\\"",
					"JucePlugin_AUMainType='aufx'",
					"JucePlugin_AUSubType=JucePlugin_PluginCode",
					"JucePlugin_AUExportPrefix=FFTanalyzerAU",
					"JucePlugin_AUExportPrefixQuoted=\\\"FFTanalyzerAU\\\"",
					"JucePlugin_AUManufacturerCode=JucePlugin_ManufacturerCode",
					"JucePlugin_CFBundleIdentifier=com.yourcompany.FFTanalyzer",
					"JucePlugin_RTASCategory=0",
					"JucePlugin_RTASManufacturerCode=JucePlugin_ManufacturerCode",
					"JucePlugin_RTASProductId=JucePlugin_PluginCode",
					"JucePlugin_RTASDisableBypass=0",
					"JucePlugin_RTASDisableMultiMono=0",
					"JucePlugin_AAXIdentifier=com.yourcompany.FFTanalyzer",
					"JucePlugin_AAXManufacturerCode=JucePlugin_ManufacturerCode",
					"JucePlugin_AAXProductId=JucePlugin_PluginCode",
					"JucePlugin_AAXCategory=0",
					"JucePlugin_AAXDisableBypass=0",
					"JucePlugin_AAXDisableMultiMono=0",
					"JucePlugin_IAAType=0x61757278",
					"JucePlugin_IAASubType=JucePlugin_PluginCode",
					"JucePlugin_IAAName=\\\"markmatamoros:\\ FFTanalyzer\\\"",
					"JucePlugin_VSTNumMidiInputs=16",
					"JucePlugin_VSTNumMidiOutputs=16",
					"JUCE_STANDALONE_APPLICATION=JucePlugin_Build_Standalone",
				);
				GCC_VERSION = com.apple.compilers.llvm.clang.1_0;
				HEADER_SEARCH_PATHS = (
					"/Users/markmatamoros/Documents/JUCE/modules/juce_audio_processors/format_types/VST3_SDK",
					"../../JuceLibraryCode",
					"/Users/markmatamoros/Documents/JUCE/modules",
					"/Users/markmatamoros/Documents/JUCE/modules/juce_audio_plugin_client",
					"$(inherited)",
				);
				INFOPLIST_FILE = Info-Standalone_Plugin.plist;
				INFOPLIST_PREPROCESS = NO;
				LLVM_LTO = YES;
				MACOSX_DEPLOYMENT_TARGET = 10.11;
				MTL_HEADER_SEARCH_PATHS = (
					"/Users/markmatamoros/Documents/JUCE/modules/juce_audio_processors/format_types/VST3_SDK",
					"../../JuceLibraryCode",
					"/Users/markmatamoros/Documents/JUCE/modules",
					"/Users/markmatamoros/Documents/JUCE/modules/juce_audio_plugin_client",
				);
				OTHER_LDFLAGS = "-lNewProject";
				PRODUCT_BUNDLE_IDENTIFIER = com.yourcompany.FFTanalyzer;
				PRODUCT_NAME = "NewProject";
				USE_HEADERMAP = NO;
				VALID_ARCHS = "i386 x86_64 arm64 arm64e";
			};
			name = Release;
		};
		76D59BA7A9ED656B77181868 = {
			isa = XCBuildConfiguration;
			buildSettings = {
				CLANG_CXX_LANGUAGE_STANDARD = "c++14";
				CLANG_CXX_LIBRARY = "libc++";
				CLANG_LINK_OBJC_RUNTIME = NO;
				CODE_SIGN_IDENTITY = "";
				COMBINE_HIDPI_IMAGES = YES;
				CONFIGURATION_BUILD_DIR = "$(PROJECT_DIR)/build/$(CONFIGURATION)";
				COPY_PHASE_STRIP = NO;
				GCC_DYNAMIC_NO_PIC = NO;
				GCC_OPTIMIZATION_LEVEL = 0;
				GCC_PREPROCESSOR_DEFINITIONS = (
					"_DEBUG=1",
					"DEBUG=1",
					"JUCER_XCODE_MAC_F6D2F4CF=1",
					"JUCE_APP_VERSION=0.0.0",
					"JUCE_APP_VERSION_HEX=0x0",
					"JucePlugin_Build_VST=0",
					"JucePlugin_Build_VST3=1",
					"JucePlugin_Build_AU=1",
					"JucePlugin_Build_AUv3=0",
					"JucePlugin_Build_RTAS=0",
					"JucePlugin_Build_AAX=0",
					"JucePlugin_Build_Standalone=1",
					"JucePlugin_Build_Unity=0",
					"JUCE_SHARED_CODE=1",
					"JUCE_DISPLAY_SPLASH_SCREEN=1",
					"JUCE_USE_DARK_SPLASH_SCREEN=1",
					"JUCE_PROJUCER_VERSION=0x60004",
					"JUCE_MODULE_AVAILABLE_juce_audio_basics=1",
					"JUCE_MODULE_AVAILABLE_juce_audio_devices=1",
					"JUCE_MODULE_AVAILABLE_juce_audio_formats=1",
					"JUCE_MODULE_AVAILABLE_juce_audio_plugin_client=1",
					"JUCE_MODULE_AVAILABLE_juce_audio_processors=1",
					"JUCE_MODULE_AVAILABLE_juce_audio_utils=1",
					"JUCE_MODULE_AVAILABLE_juce_box2d=1",
					"JUCE_MODULE_AVAILABLE_juce_core=1",
					"JUCE_MODULE_AVAILABLE_juce_data_structures=1",
					"JUCE_MODULE_AVAILABLE_juce_dsp=1",
					"JUCE_MODULE_AVAILABLE_juce_events=1",
					"JUCE_MODULE_AVAILABLE_juce_graphics=1",
					"JUCE_MODULE_AVAILABLE_juce_gui_basics=1",
					"JUCE_MODULE_AVAILABLE_juce_gui_extra=1",
					"JUCE_MODULE_AVAILABLE_juce_opengl=1",
					"JUCE_MODULE_AVAILABLE_juce_video=1",
					"JUCE_GLOBAL_MODULE_SETTINGS_INCLUDED=1",
					"JUCE_VST3_CAN_REPLACE_VST2=0",
					"JUCE_STRICT_REFCOUNTEDPOINTER=1",
					"JucePlugin_Enable_IAA=0",
					"JucePlugin_Name=\\\"FFTanalyzer\\\"",
					"JucePlugin_Desc=\\\"FFTanalyzer\\\"",
					"JucePlugin_Manufacturer=\\\"markmatamoros\\\"",
					"JucePlugin_ManufacturerWebsite=\\\"\\\"",
					"JucePlugin_ManufacturerEmail=\\\"\\\"",
					"JucePlugin_ManufacturerCode=0x4d616e75",
					"JucePlugin_PluginCode=0x4b396772",
					"JucePlugin_IsSynth=0",
					"JucePlugin_WantsMidiInput=0",
					"JucePlugin_ProducesMidiOutput=0",
					"JucePlugin_IsMidiEffect=0",
					"JucePlugin_EditorRequiresKeyboardFocus=0",
					"JucePlugin_Version=0.0.0",
					"JucePlugin_VersionCode=0x0",
					"JucePlugin_VersionString=\\\"0.0.0\\\"",
					"JucePlugin_VSTUniqueID=JucePlugin_PluginCode",
					"JucePlugin_VSTCategory=kPlugCategEffect",
					"JucePlugin_Vst3Category=\\\"Fx\\\"",
					"JucePlugin_AUMainType='aufx'",
					"JucePlugin_AUSubType=JucePlugin_PluginCode",
					"JucePlugin_AUExportPrefix=FFTanalyzerAU",
					"JucePlugin_AUExportPrefixQuoted=\\\"FFTanalyzerAU\\\"",
					"JucePlugin_AUManufacturerCode=JucePlugin_ManufacturerCode",
					"JucePlugin_CFBundleIdentifier=com.yourcompany.FFTanalyzer",
					"JucePlugin_RTASCategory=0",
					"JucePlugin_RTASManufacturerCode=JucePlugin_ManufacturerCode",
					"JucePlugin_RTASProductId=JucePlugin_PluginCode",
					"JucePlugin_RTASDisableBypass=0",
					"JucePlugin_RTASDisableMultiMono=0",
					"JucePlugin_AAXIdentifier=com.yourcompany.FFTanalyzer",
					"JucePlugin_AAXManufacturerCode=JucePlugin_ManufacturerCode",
					"JucePlugin_AAXProductId=JucePlugin_PluginCode",
					"JucePlugin_AAXCategory=0",
					"JucePlugin_AAXDisableBypass=0",
					"JucePlugin_AAXDisableMultiMono=0",
					"JucePlugin_IAAType=0x61757278",
					"JucePlugin_IAASubType=JucePlugin_PluginCode",
					"JucePlugin_IAAName=\\\"markmatamoros:\\ FFTanalyzer\\\"",
					"JucePlugin_VSTNumMidiInputs=16",
					"JucePlugin_VSTNumMidiOutputs=16",
					"JUCE_STANDALONE_APPLICATION=JucePlugin_Build_Standalone",
				);
				GCC_VERSION = com.apple.compilers.llvm.clang.1_0;
				HEADER_SEARCH_PATHS = (
					"/Users/markmatamoros/Documents/JUCE/modules/juce_audio_processors/format_types/VST3_SDK",
					"../../JuceLibraryCode",
					"/Users/markmatamoros/Documents/JUCE/modules",
					"/Users/markmatamoros/Documents/JUCE/modules/juce_audio_plugin_client",
					"$(inherited)",
				);
				INSTALL_PATH = "@executable_path/../Frameworks";
				MACOSX_DEPLOYMENT_TARGET = 10.11;
				MTL_HEADER_SEARCH_PATHS = (
					"/Users/markmatamoros/Documents/JUCE/modules/juce_audio_processors/format_types/VST3_SDK",
					"../../JuceLibraryCode",
					"/Users/markmatamoros/Documents/JUCE/modules",
					"/Users/markmatamoros/Documents/JUCE/modules/juce_audio_plugin_client",
				);
				PRODUCT_BUNDLE_IDENTIFIER = com.yourcompany.FFTanalyzer;
				PRODUCT_NAME = "NewProject";
				SKIP_INSTALL = YES;
				USE_HEADERMAP = NO;
				VALID_ARCHS = "i386 x86_64 arm64 arm64e";
			};
			name = Debug;
		};
		9A2F32D95CD0A00AC0B9E2E4 = {
			isa = XCBuildConfiguration;
			buildSettings = {
				CLANG_CXX_LANGUAGE_STANDARD = "c++14";
				CLANG_CXX_LIBRARY = "libc++";
				CLANG_LINK_OBJC_RUNTIME = NO;
				CODE_SIGN_IDENTITY = "";
				COMBINE_HIDPI_IMAGES = YES;
				CONFIGURATION_BUILD_DIR = "$(PROJECT_DIR)/build/$(CONFIGURATION)";
				DEAD_CODE_STRIPPING = YES;
				GCC_GENERATE_DEBUGGING_SYMBOLS = NO;
				GCC_OPTIMIZATION_LEVEL = 3;
				GCC_PREPROCESSOR_DEFINITIONS = (
					"_NDEBUG=1",
					"NDEBUG=1",
					"JUCER_XCODE_MAC_F6D2F4CF=1",
					"JUCE_APP_VERSION=0.0.0",
					"JUCE_APP_VERSION_HEX=0x0",
					"JucePlugin_Build_VST=0",
					"JucePlugin_Build_VST3=1",
					"JucePlugin_Build_AU=1",
					"JucePlugin_Build_AUv3=0",
					"JucePlugin_Build_RTAS=0",
					"JucePlugin_Build_AAX=0",
					"JucePlugin_Build_Standalone=1",
					"JucePlugin_Build_Unity=0",
					"JUCE_SHARED_CODE=1",
					"JUCE_DISPLAY_SPLASH_SCREEN=1",
					"JUCE_USE_DARK_SPLASH_SCREEN=1",
					"JUCE_PROJUCER_VERSION=0x60004",
					"JUCE_MODULE_AVAILABLE_juce_audio_basics=1",
					"JUCE_MODULE_AVAILABLE_juce_audio_devices=1",
					"JUCE_MODULE_AVAILABLE_juce_audio_formats=1",
					"JUCE_MODULE_AVAILABLE_juce_audio_plugin_client=1",
					"JUCE_MODULE_AVAILABLE_juce_audio_processors=1",
					"JUCE_MODULE_AVAILABLE_juce_audio_utils=1",
					"JUCE_MODULE_AVAILABLE_juce_box2d=1",
					"JUCE_MODULE_AVAILABLE_juce_core=1",
					"JUCE_MODULE_AVAILABLE_juce_data_structures=1",
					"JUCE_MODULE_AVAILABLE_juce_dsp=1",
					"JUCE_MODULE_AVAILABLE_juce_events=1",
					"JUCE_MODULE_AVAILABLE_juce_graphics=1",
					"JUCE_MODULE_AVAILABLE_juce_gui_basics=1",
					"JUCE_MODULE_AVAILABLE_juce_gui_extra=1",
					"JUCE_MODULE_AVAILABLE_juce_opengl=1",
					"JUCE_MODULE_AVAILABLE_juce_video=1",
					"JUCE_GLOBAL_MODULE_SETTINGS_INCLUDED=1",
					"JUCE_VST3_CAN_REPLACE_VST2=0",
					"JUCE_STRICT_REFCOUNTEDPOINTER=1",
					"JucePlugin_Enable_IAA=0",
					"JucePlugin_Name=\\\"FFTanalyzer\\\"",
					"JucePlugin_Desc=\\\"FFTanalyzer\\\"",
					"JucePlugin_Manufacturer=\\\"markmatamoros\\\"",
					"JucePlugin_ManufacturerWebsite=\\\"\\\"",
					"JucePlugin_ManufacturerEmail=\\\"\\\"",
					"JucePlugin_ManufacturerCode=0x4d616e75",
					"JucePlugin_PluginCode=0x4b396772",
					"JucePlugin_IsSynth=0",
					"JucePlugin_WantsMidiInput=0",
					"JucePlugin_ProducesMidiOutput=0",
					"JucePlugin_IsMidiEffect=0",
					"JucePlugin_EditorRequiresKeyboardFocus=0",
					"JucePlugin_Version=0.0.0",
					"JucePlugin_VersionCode=0x0",
					"JucePlugin_VersionString=\\\"0.0.0\\\"",
					"JucePlugin_VSTUniqueID=JucePlugin_PluginCode",
					"JucePlugin_VSTCategory=kPlugCategEffect",
					"JucePlugin_Vst3Category=\\\"Fx\\\"",
					"JucePlugin_AUMainType='aufx'",
					"JucePlugin_AUSubType=JucePlugin_PluginCode",
					"JucePlugin_AUExportPrefix=FFTanalyzerAU",
					"JucePlugin_AUExportPrefixQuoted=\\\"FFTanalyzerAU\\\"",
					"JucePlugin_AUManufacturerCode=JucePlugin_ManufacturerCode",
					"JucePlugin_CFBundleIdentifier=com.yourcompany.FFTanalyzer",
					"JucePlugin_RTASCategory=0",
					"JucePlugin_RTASManufacturerCode=JucePlugin_ManufacturerCode",
					"JucePlugin_RTASProductId=JucePlugin_PluginCode",
					"JucePlugin_RTASDisableBypass=0",
					"JucePlugin_RTASDisableMultiMono=0",
					"JucePlugin_AAXIdentifier=com.yourcompany.FFTanalyzer",
					"JucePlugin_AAXManufacturerCode=JucePlugin_ManufacturerCode",
					"JucePlugin_AAXProductId=JucePlugin_PluginCode",
					"JucePlugin_AAXCategory=0",
					"JucePlugin_AAXDisableBypass=0",
					"JucePlugin_AAXDisableMultiMono=0",
					"JucePlugin_IAAType=0x61757278",
					"JucePlugin_IAASubType=JucePlugin_PluginCode",
					"JucePlugin_IAAName=\\\"markmatamoros:\\ FFTanalyzer\\\"",
					"JucePlugin_VSTNumMidiInputs=16",
					"JucePlugin_VSTNumMidiOutputs=16",
					"JUCE_STANDALONE_APPLICATION=JucePlugin_Build_Standalone",
				);
				GCC_VERSION = com.apple.compilers.llvm.clang.1_0;
				HEADER_SEARCH_PATHS = (
					"/Users/markmatamoros/Documents/JUCE/modules/juce_audio_processors/format_types/VST3_SDK",
					"../../JuceLibraryCode",
					"/Users/markmatamoros/Documents/JUCE/modules",
					"/Users/markmatamoros/Documents/JUCE/modules/juce_audio_plugin_client",
					"$(inherited)",
				);
				INSTALL_PATH = "@executable_path/../Frameworks";
				LLVM_LTO = YES;
				MACOSX_DEPLOYMENT_TARGET = 10.11;
				MTL_HEADER_SEARCH_PATHS = (
					"/Users/markmatamoros/Documents/JUCE/modules/juce_audio_processors/format_types/VST3_SDK",
					"../../JuceLibraryCode",
					"/Users/markmatamoros/Documents/JUCE/modules",
					"/Users/markmatamoros/Documents/JUCE/modules/juce_audio_plugin_client",
				);
				PRODUCT_BUNDLE_IDENTIFIER = com.yourcompany.FFTanalyzer;
				PRODUCT_NAME = "NewProject";
				SKIP_INSTALL = YES;
				USE_HEADERMAP = NO;
				VALID_ARCHS = "i386 x86_64 arm64 arm64e";
			};
			name = Release;
		};
		1B87C891F5BE97F7AA761CD1 = {
			isa = XCBuildConfiguration;
			buildSettings = {
				ALWAYS_SEARCH_USER_PATHS = NO;
				CLANG_ENABLE_OBJC_WEAK = YES;
				CLANG_WARN_BLOCK_CAPTURE_AUTORELEASING = YES;
				CLANG_WARN_BOOL_CONVERSION = YES;
				CLANG_WARN_COMMA = YES;
				CLANG_WARN_CONSTANT_CONVERSION = YES;
				CLANG_WARN_DEPRECATED_OBJC_IMPLEMENTATIONS = YES;
				CLANG_WARN_EMPTY_BODY = YES;
				CLANG_WARN_ENUM_CONVERSION = YES;
				CLANG_WARN_INFINITE_RECURSION = YES;
				CLANG_WARN_INT_CONVERSION = YES;
				CLANG_WARN_NON_LITERAL_NULL_CONVERSION = YES;
				CLANG_WARN_OBJC_IMPLICIT_RETAIN_SELF = YES;
				CLANG_WARN_OBJC_LITERAL_CONVERSION = YES;
				CLANG_WARN_RANGE_LOOP_ANALYSIS = YES;
				CLANG_WARN_STRICT_PROTOTYPES = YES;
				CLANG_WARN_SUSPICIOUS_MOVE = YES;
				CLANG_WARN_UNREACHABLE_CODE = YES;
				CLANG_WARN__DUPLICATE_METHOD_MATCH = YES;
				CODE_SIGN_IDENTITY = "";
				DEBUG_INFORMATION_FORMAT = dwarf;
				ENABLE_STRICT_OBJC_MSGSEND = YES;
				ENABLE_TESTABILITY = NO;
				GCC_C_LANGUAGE_STANDARD = c11;
				GCC_INLINES_ARE_PRIVATE_EXTERN = YES;
				GCC_MODEL_TUNING = G5;
				GCC_NO_COMMON_BLOCKS = YES;
				GCC_SYMBOLS_PRIVATE_EXTERN = YES;
				GCC_WARN_64_TO_32_BIT_CONVERSION = YES;
				GCC_WARN_ABOUT_RETURN_TYPE = YES;
				GCC_WARN_CHECK_SWITCH_STATEMENTS = YES;
				GCC_WARN_MISSING_PARENTHESES = YES;
				GCC_WARN_NON_VIRTUAL_DESTRUCTOR = YES;
				GCC_WARN_TYPECHECK_CALLS_TO_PRINTF = YES;
				GCC_WARN_UNDECLARED_SELECTOR = YES;
				GCC_WARN_UNINITIALIZED_AUTOS = YES;
				GCC_WARN_UNUSED_FUNCTION = YES;
				GCC_WARN_UNUSED_VARIABLE = YES;
				ONLY_ACTIVE_ARCH = YES;
				PRODUCT_NAME = "NewProject";
				SDKROOT = macosx;
				WARNING_CFLAGS = "-Wreorder";
				ZERO_LINK = NO;
			};
			name = Debug;
		};
		5AEC4EE7ABEBBD5F16075ADA = {
			isa = XCBuildConfiguration;
			buildSettings = {
				ALWAYS_SEARCH_USER_PATHS = NO;
				CLANG_ENABLE_OBJC_WEAK = YES;
				CLANG_WARN_BLOCK_CAPTURE_AUTORELEASING = YES;
				CLANG_WARN_BOOL_CONVERSION = YES;
				CLANG_WARN_COMMA = YES;
				CLANG_WARN_CONSTANT_CONVERSION = YES;
				CLANG_WARN_DEPRECATED_OBJC_IMPLEMENTATIONS = YES;
				CLANG_WARN_EMPTY_BODY = YES;
				CLANG_WARN_ENUM_CONVERSION = YES;
				CLANG_WARN_INFINITE_RECURSION = YES;
				CLANG_WARN_INT_CONVERSION = YES;
				CLANG_WARN_NON_LITERAL_NULL_CONVERSION = YES;
				CLANG_WARN_OBJC_IMPLICIT_RETAIN_SELF = YES;
				CLANG_WARN_OBJC_LITERAL_CONVERSION = YES;
				CLANG_WARN_RANGE_LOOP_ANALYSIS = YES;
				CLANG_WARN_STRICT_PROTOTYPES = YES;
				CLANG_WARN_SUSPICIOUS_MOVE = YES;
				CLANG_WARN_UNREACHABLE_CODE = YES;
				CLANG_WARN__DUPLICATE_METHOD_MATCH = YES;
				CODE_SIGN_IDENTITY = "";
				DEBUG_INFORMATION_FORMAT = dwarf;
				ENABLE_STRICT_OBJC_MSGSEND = YES;
				ENABLE_TESTABILITY = NO;
				GCC_C_LANGUAGE_STANDARD = c11;
				GCC_INLINES_ARE_PRIVATE_EXTERN = YES;
				GCC_MODEL_TUNING = G5;
				GCC_NO_COMMON_BLOCKS = YES;
				GCC_SYMBOLS_PRIVATE_EXTERN = YES;
				GCC_WARN_64_TO_32_BIT_CONVERSION = YES;
				GCC_WARN_ABOUT_RETURN_TYPE = YES;
				GCC_WARN_CHECK_SWITCH_STATEMENTS = YES;
				GCC_WARN_MISSING_PARENTHESES = YES;
				GCC_WARN_NON_VIRTUAL_DESTRUCTOR = YES;
				GCC_WARN_TYPECHECK_CALLS_TO_PRINTF = YES;
				GCC_WARN_UNDECLARED_SELECTOR = YES;
				GCC_WARN_UNINITIALIZED_AUTOS = YES;
				GCC_WARN_UNUSED_FUNCTION = YES;
				GCC_WARN_UNUSED_VARIABLE = YES;
				PRODUCT_NAME = "NewProject";
				SDKROOT = macosx;
				WARNING_CFLAGS = "-Wreorder";
				ZERO_LINK = NO;
			};
			name = Release;
		};
		2BE786C31B11971680C20C96 = {
			isa = XCConfigurationList;
			buildConfigurations = (
				1B87C891F5BE97F7AA761CD1,
				5AEC4EE7ABEBBD5F16075ADA,
			);
			defaultConfigurationIsVisible = 0;
			defaultConfigurationName = Debug;
		};
		23062D1BB9366699E6920556 = {
			isa = XCConfigurationList;
			buildConfigurations = (
				82D8DAD66BBA01C6B2ED9C3F,
				D3A440917206ACE13C461AD0,
			);
			defaultConfigurationIsVisible = 0;
			defaultConfigurationName = Debug;
		};
		7EDBC8647C71278EA6CE6F2D = {
			isa = PBXAggregateTarget;
			buildConfigurationList = 23062D1BB9366699E6920556;
			buildPhases = ( );
			buildRules = ( );
			dependencies = (
				6B998354F4080B98DD627545,
				734919E62BD037887F2256B6,
				A695855535BF04376C5536CF,
				7176B869AF1BF9BFEF9A68D8,
			);
			name = "FFTanalyzer - All";
			productName = FFTanalyzer;
		};
		F7DDB8ADFDF542F4A580B8B6 = {
			isa = XCConfigurationList;
			buildConfigurations = (
				399CB27B24A6B506255E8D93,
				DC3BD3DC08B2A07B948230F1,
			);
			defaultConfigurationIsVisible = 0;
			defaultConfigurationName = Debug;
		};
		1CC2B97A03DAE98D56E8EEDF = {
			isa = PBXResourcesBuildPhase;
			buildActionMask = 2147483647;
			files = (
				77AB39AAEF6CA5702EBEFCEF,
			);
			runOnlyForDeploymentPostprocessing = 0;
		};
		F1AB359AD19699CF4E066D68 = {
			isa = PBXSourcesBuildPhase;
			buildActionMask = 2147483647;
			files = (
				9B8F06E2088670B4841D7B1F,
			);
			runOnlyForDeploymentPostprocessing = 0;
		};
		FC11A35D866C40C32842CDB9 = {
			isa = PBXFrameworksBuildPhase;
			buildActionMask = 2147483647;
			files = (
				F9144F9BF2BCE63F70B98D11,
				77E66431698AFD0F9E281517,
				F05E3DEA6F66DFDB54D172E4,
				E171FE1238F051698CDF1EA5,
				A069EC74DD132D1BA7A12422,
				430E00A5E37B54ACAFB1F27D,
				EF5976373864E61DAACDAF5F,
				DEE02827E4459DA6CBB6F2E5,
				4497FAFB11A01F53C1AE75B9,
				D3C238D325AD300E0588E4B2,
				0427BC0262FDA6EA43417C23,
				B805616B34E4A9B12FDE3D99,
				A7B7563460F45411538C3297,
				259C619F4E186F0F917340BB,
				ADC6B68AAD296F34F079171B,
			);
			runOnlyForDeploymentPostprocessing = 0;
		};
		694CD1FD14F0193C08584B7D = {
			isa = PBXNativeTarget;
			buildConfigurationList = F7DDB8ADFDF542F4A580B8B6;
			buildPhases = (
				1CC2B97A03DAE98D56E8EEDF,
				F1AB359AD19699CF4E066D68,
				FC11A35D866C40C32842CDB9,
			);
			buildRules = ( );
			dependencies = (
				46EA2CEC8474BDBF762156C5,
			);
			name = "FFTanalyzer - VST3";
			productName = FFTanalyzer;
			productReference = 0ED89EF981EDA64FEF5BD589;
			productType = "com.apple.product-type.bundle";
		};
		89708C7B85A4728A180C136A = {
			isa = XCConfigurationList;
			buildConfigurations = (
				2B0EEAF9CC3B35B17D412443,
				3508C5467820ED7316525841,
			);
			defaultConfigurationIsVisible = 0;
			defaultConfigurationName = Debug;
		};
		C7B020E9DFEBEC5AC8D3AEB2 = {
			isa = PBXResourcesBuildPhase;
			buildActionMask = 2147483647;
			files = (
				77AB39AAEF6CA5702EBEFCEF,
			);
			runOnlyForDeploymentPostprocessing = 0;
		};
		93C47979D567B8C9139E4AD9 = {
			isa = PBXRezBuildPhase;
			buildActionMask = 2147483647;
			files = (
				7B30C329744490B280CBD557,
			);
			runOnlyForDeploymentPostprocessing = 0;
		};
		0551BCFAECD1E01643E5F561 = {
			isa = PBXSourcesBuildPhase;
			buildActionMask = 2147483647;
			files = (
				D239C5A1F2FB7BB9CEF4B5F1,
				D894EFFE08E2407709601ADB,
			);
			runOnlyForDeploymentPostprocessing = 0;
		};
		8B5188483B3982F94A792452 = {
			isa = PBXFrameworksBuildPhase;
			buildActionMask = 2147483647;
			files = (
				2506D201A2AC935474F5CA2B,
				F9144F9BF2BCE63F70B98D11,
				77E66431698AFD0F9E281517,
				F05E3DEA6F66DFDB54D172E4,
				E171FE1238F051698CDF1EA5,
				A069EC74DD132D1BA7A12422,
				430E00A5E37B54ACAFB1F27D,
				EF5976373864E61DAACDAF5F,
				DEE02827E4459DA6CBB6F2E5,
				4497FAFB11A01F53C1AE75B9,
				D3C238D325AD300E0588E4B2,
				0427BC0262FDA6EA43417C23,
				B805616B34E4A9B12FDE3D99,
				A7B7563460F45411538C3297,
				259C619F4E186F0F917340BB,
				ADC6B68AAD296F34F079171B,
			);
			runOnlyForDeploymentPostprocessing = 0;
		};
		C7E83C84074DC614B028D163 = {
			isa = PBXNativeTarget;
			buildConfigurationList = 89708C7B85A4728A180C136A;
			buildPhases = (
				C7B020E9DFEBEC5AC8D3AEB2,
				93C47979D567B8C9139E4AD9,
				0551BCFAECD1E01643E5F561,
				8B5188483B3982F94A792452,
			);
			buildRules = ( );
			dependencies = (
				467F03B16DF8A9C29932EA9A,
			);
			name = "FFTanalyzer - AU";
			productName = FFTanalyzer;
			productReference = 71D38D75704F1CA7B066CC8E;
			productType = "com.apple.product-type.bundle";
		};
		DB3797E8BDAB1AF4C8272B13 = {
			isa = XCConfigurationList;
			buildConfigurations = (
				EF7786B6809420DB928B7B7B,
				A7F776D3956201022708A133,
			);
			defaultConfigurationIsVisible = 0;
			defaultConfigurationName = Debug;
		};
		9A948FBE562FBFF1A9F4DF5E = {
			isa = PBXResourcesBuildPhase;
			buildActionMask = 2147483647;
			files = (
				77AB39AAEF6CA5702EBEFCEF,
			);
			runOnlyForDeploymentPostprocessing = 0;
		};
		8C5A52784ED4C1E3D7674AE4 = {
			isa = PBXSourcesBuildPhase;
			buildActionMask = 2147483647;
			files = (
				F7044332B25E7C744E58CD63,
			);
			runOnlyForDeploymentPostprocessing = 0;
		};
		610B8B558AEDF29A5A8E6C18 = {
			isa = PBXFrameworksBuildPhase;
			buildActionMask = 2147483647;
			files = (
				F9144F9BF2BCE63F70B98D11,
				77E66431698AFD0F9E281517,
				F05E3DEA6F66DFDB54D172E4,
				E171FE1238F051698CDF1EA5,
				A069EC74DD132D1BA7A12422,
				430E00A5E37B54ACAFB1F27D,
				EF5976373864E61DAACDAF5F,
				DEE02827E4459DA6CBB6F2E5,
				4497FAFB11A01F53C1AE75B9,
				D3C238D325AD300E0588E4B2,
				0427BC0262FDA6EA43417C23,
				B805616B34E4A9B12FDE3D99,
				A7B7563460F45411538C3297,
				259C619F4E186F0F917340BB,
				ADC6B68AAD296F34F079171B,
			);
			runOnlyForDeploymentPostprocessing = 0;
		};
		B7B1CB3594D7D452DE90F0C4 = {
			isa = PBXNativeTarget;
			buildConfigurationList = DB3797E8BDAB1AF4C8272B13;
			buildPhases = (
				9A948FBE562FBFF1A9F4DF5E,
				8C5A52784ED4C1E3D7674AE4,
				610B8B558AEDF29A5A8E6C18,
			);
			buildRules = ( );
			dependencies = (
				276A92D682FD8A0F98138E8A,
			);
			name = "FFTanalyzer - Standalone Plugin";
			productName = FFTanalyzer;
			productReference = 13F1CAF54B2838506355B2D7;
			productType = "com.apple.product-type.application";
		};
		01D87C9623507DF29F20FB5C = {
			isa = XCConfigurationList;
			buildConfigurations = (
				76D59BA7A9ED656B77181868,
				9A2F32D95CD0A00AC0B9E2E4,
			);
			defaultConfigurationIsVisible = 0;
			defaultConfigurationName = Debug;
		};
		120B3DD74C24C67BCC52C642 = {
			isa = PBXSourcesBuildPhase;
			buildActionMask = 2147483647;
			files = (
				669F0679F1E9A14E0A6F4131,
				B414CF1DE129FAACB2DF1120,
				DCB117087F2FE3ABC1DA8BB0,
				FE577844D3B7387CCB66662E,
				C91C6BF7F84CB729CECCBDDA,
				FE7064FC7D5B81A51EE3B722,
				0817B7AEC05F887D306F11BF,
				854BB7081BBCCA1C84E6EFF7,
				19DB6FE43833003F6538A189,
				C85A1853B88C99BD4A641490,
				2936E19CAFE3301F5C9BF291,
				3FEAD9FF3223193055D6B4DA,
				D8458F14E8D8D9D823FE34EB,
				8E6B54649F3F775A592721B4,
				CB3EAFE5B09BE0E440505BB1,
				5B7BC8BBD38BD8D4F59FE6B2,
				BA7C2F8638DEE606513D5B82,
				47455BF50EB8F8F0E4E433C8,
				4765253AFDC3EEB6EF54DA6F,
			);
			runOnlyForDeploymentPostprocessing = 0;
		};
		5DDBE73E84EF51BD19A7A2D4 = {
			isa = PBXNativeTarget;
			buildConfigurationList = 01D87C9623507DF29F20FB5C;
			buildPhases = (
				120B3DD74C24C67BCC52C642,
			);
			buildRules = ( );
			dependencies = ( );
			name = "FFTanalyzer - Shared Code";
			productName = FFTanalyzer;
			productReference = 02BAAE25174E40DAC76AF2E6;
			productType = "com.apple.product-type.library.static";
		};
		C3F85FF96BDC420401C3D93A = {
			isa = PBXProject;
			buildConfigurationList = 2BE786C31B11971680C20C96;
			attributes = { LastUpgradeCheck = 1200; ORGANIZATIONNAME = ""; TargetAttributes = { 7EDBC8647C71278EA6CE6F2D = { SystemCapabilities = {com.apple.ApplicationGroups.iOS = { enabled = 0; }; com.apple.InAppPurchase = { enabled = 0; }; com.apple.InterAppAudio = { enabled = 0; }; com.apple.Push = { enabled = 0; }; com.apple.Sandbox = { enabled = 0; }; com.apple.HardenedRuntime = { enabled = 0; }; }; };694CD1FD14F0193C08584B7D = { SystemCapabilities = {com.apple.ApplicationGroups.iOS = { enabled = 0; }; com.apple.InAppPurchase = { enabled = 0; }; com.apple.InterAppAudio = { enabled = 0; }; com.apple.Push = { enabled = 0; }; com.apple.Sandbox = { enabled = 0; }; com.apple.HardenedRuntime = { enabled = 0; }; }; };C7E83C84074DC614B028D163 = { SystemCapabilities = {com.apple.ApplicationGroups.iOS = { enabled = 0; }; com.apple.InAppPurchase = { enabled = 0; }; com.apple.InterAppAudio = { enabled = 0; }; com.apple.Push = { enabled = 0; }; com.apple.Sandbox = { enabled = 0; }; com.apple.HardenedRuntime = { enabled = 0; }; }; };B7B1CB3594D7D452DE90F0C4 = { SystemCapabilities = {com.apple.ApplicationGroups.iOS = { enabled = 0; }; com.apple.InAppPurchase = { enabled = 0; }; com.apple.InterAppAudio = { enabled = 0; }; com.apple.Push = { enabled = 0; }; com.apple.Sandbox = { enabled = 0; }; com.apple.HardenedRuntime = { enabled = 0; }; }; };5DDBE73E84EF51BD19A7A2D4 = { SystemCapabilities = {com.apple.ApplicationGroups.iOS = { enabled = 0; }; com.apple.InAppPurchase = { enabled = 0; }; com.apple.InterAppAudio = { enabled = 0; }; com.apple.Push = { enabled = 0; }; com.apple.Sandbox = { enabled = 0; }; com.apple.HardenedRuntime = { enabled = 0; }; }; }; }; };
			compatibilityVersion = "Xcode 3.2";
			hasScannedForEncodings = 0;
			mainGroup = 4DA440D29F1F5A640B24DA87;
			projectDirPath = "";
			projectRoot = "";
			targets = (7EDBC8647C71278EA6CE6F2D, 694CD1FD14F0193C08584B7D, C7E83C84074DC614B028D163, B7B1CB3594D7D452DE90F0C4, 5DDBE73E84EF51BD19A7A2D4);
			knownRegions = (en, Base);
		};
	};
	rootObject = C3F85FF96BDC420401C3D93A;
}
